// !$*UTF8*$!
{
	archiveVersion = 1;
	classes = {
	};
	objectVersion = 56;
	objects = {

/* Begin PBXBuildFile section */
		A00000000000000000000001 /* CrediWiseApp.swift in Sources */ = {isa = PBXBuildFile; fileRef = B00000000000000000000001 /* CrediWiseApp.swift */; };
		A00000000000000000000002 /* AppContainer.swift in Sources */ = {isa = PBXBuildFile; fileRef = B00000000000000000000002 /* AppContainer.swift */; };
		A00000000000000000000003 /* AppCoordinator.swift in Sources */ = {isa = PBXBuildFile; fileRef = B00000000000000000000003 /* AppCoordinator.swift */; };
		A00000000000000000000004 /* AppRoute.swift in Sources */ = {isa = PBXBuildFile; fileRef = B00000000000000000000004 /* AppRoute.swift */; };
		A00000000000000000000005 /* AppRootView.swift in Sources */ = {isa = PBXBuildFile; fileRef = B00000000000000000000005 /* AppRootView.swift */; };
		A00000000000000000000006 /* CrediWiseColors.swift in Sources */ = {isa = PBXBuildFile; fileRef = B00000000000000000000006 /* CrediWiseColors.swift */; };
		A00000000000000000000007 /* SpacingTokens.swift in Sources */ = {isa = PBXBuildFile; fileRef = B00000000000000000000007 /* SpacingTokens.swift */; };
		A00000000000000000000008 /* RadiusTokens.swift in Sources */ = {isa = PBXBuildFile; fileRef = B00000000000000000000008 /* RadiusTokens.swift */; };
		A00000000000000000000009 /* TypographyTokens.swift in Sources */ = {isa = PBXBuildFile; fileRef = B00000000000000000000009 /* TypographyTokens.swift */; };
		A0000000000000000000000A /* CTAButton.swift in Sources */ = {isa = PBXBuildFile; fileRef = B0000000000000000000000A /* CTAButton.swift */; };
		A0000000000000000000000B /* PrimaryButton.swift in Sources */ = {isa = PBXBuildFile; fileRef = B0000000000000000000000B /* PrimaryButton.swift */; };
		A0000000000000000000000C /* DisclaimerFooter.swift in Sources */ = {isa = PBXBuildFile; fileRef = B0000000000000000000000C /* DisclaimerFooter.swift */; };
		A0000000000000000000000D /* PositioningStrings.swift in Sources */ = {isa = PBXBuildFile; fileRef = B0000000000000000000000D /* PositioningStrings.swift */; };
		A0000000000000000000000E /* WelcomeView.swift in Sources */ = {isa = PBXBuildFile; fileRef = B0000000000000000000000E /* WelcomeView.swift */; };
		A0000000000000000000000F /* AuthenticationView.swift in Sources */ = {isa = PBXBuildFile; fileRef = B0000000000000000000000F /* AuthenticationView.swift */; };
		A00000000000000000000010 /* Assets.xcassets in Resources */ = {isa = PBXBuildFile; fileRef = B00000000000000000000010 /* Assets.xcassets */; };
		A00000000000000000000011 /* Localizable.strings in Resources */ = {isa = PBXBuildFile; fileRef = C00000000000000000000001 /* Localizable.strings */; };
		A00000000000000000000012 /* AppCoordinatorTests.swift in Sources */ = {isa = PBXBuildFile; fileRef = B00000000000000000000012 /* AppCoordinatorTests.swift */; };
		A00000000000000000000013 /* WelcomeFlowUITests.swift in Sources */ = {isa = PBXBuildFile; fileRef = B00000000000000000000013 /* WelcomeFlowUITests.swift */; };
		A00000000000000000000014 /* AuthenticatedHomeView.swift in Sources */ = {isa = PBXBuildFile; fileRef = B00000000000000000000016 /* AuthenticatedHomeView.swift */; };
		A00000000000000000000015 /* SessionTokens.swift in Sources */ = {isa = PBXBuildFile; fileRef = B00000000000000000000017 /* SessionTokens.swift */; };
		A00000000000000000000016 /* TokenStore.swift in Sources */ = {isa = PBXBuildFile; fileRef = B00000000000000000000018 /* TokenStore.swift */; };
		A00000000000000000000017 /* TokenStoreError.swift in Sources */ = {isa = PBXBuildFile; fileRef = B00000000000000000000019 /* TokenStoreError.swift */; };
		A00000000000000000000018 /* KeychainTokenStore.swift in Sources */ = {isa = PBXBuildFile; fileRef = B0000000000000000000001A /* KeychainTokenStore.swift */; };
		A00000000000000000000019 /* VolatileTokenStore.swift in Sources */ = {isa = PBXBuildFile; fileRef = B0000000000000000000001B /* VolatileTokenStore.swift */; };
		A0000000000000000000001A /* SessionState.swift in Sources */ = {isa = PBXBuildFile; fileRef = B0000000000000000000001C /* SessionState.swift */; };
		A0000000000000000000001B /* SessionManager.swift in Sources */ = {isa = PBXBuildFile; fileRef = B0000000000000000000001D /* SessionManager.swift */; };
		A0000000000000000000001C /* AuthInterceptorError.swift in Sources */ = {isa = PBXBuildFile; fileRef = B0000000000000000000001E /* AuthInterceptorError.swift */; };
		A0000000000000000000001D /* AuthInterceptor.swift in Sources */ = {isa = PBXBuildFile; fileRef = B0000000000000000000001F /* AuthInterceptor.swift */; };
		A0000000000000000000001E /* AuthenticationRepository.swift in Sources */ = {isa = PBXBuildFile; fileRef = B00000000000000000000020 /* AuthenticationRepository.swift */; };
		A0000000000000000000001F /* AuthenticationRepositoryError.swift in Sources */ = {isa = PBXBuildFile; fileRef = B00000000000000000000021 /* AuthenticationRepositoryError.swift */; };
		A00000000000000000000020 /* MockAuthenticationRepository.swift in Sources */ = {isa = PBXBuildFile; fileRef = B00000000000000000000022 /* MockAuthenticationRepository.swift */; };
		A00000000000000000000021 /* AuthenticationMode.swift in Sources */ = {isa = PBXBuildFile; fileRef = B00000000000000000000023 /* AuthenticationMode.swift */; };
		A00000000000000000000022 /* AuthenticationOutcome.swift in Sources */ = {isa = PBXBuildFile; fileRef = B00000000000000000000024 /* AuthenticationOutcome.swift */; };
		A00000000000000000000023 /* AuthenticationViewState.swift in Sources */ = {isa = PBXBuildFile; fileRef = B00000000000000000000025 /* AuthenticationViewState.swift */; };
		A00000000000000000000024 /* AuthenticationViewModel.swift in Sources */ = {isa = PBXBuildFile; fileRef = B00000000000000000000026 /* AuthenticationViewModel.swift */; };
		A00000000000000000000025 /* SessionManagerTests.swift in Sources */ = {isa = PBXBuildFile; fileRef = B00000000000000000000027 /* SessionManagerTests.swift */; };
		A00000000000000000000026 /* AuthInterceptorTests.swift in Sources */ = {isa = PBXBuildFile; fileRef = B00000000000000000000028 /* AuthInterceptorTests.swift */; };
		A00000000000000000000027 /* AuthenticationViewModelTests.swift in Sources */ = {isa = PBXBuildFile; fileRef = B00000000000000000000029 /* AuthenticationViewModelTests.swift */; };
		A00000000000000000000028 /* UnavailableAuthenticationRepository.swift in Sources */ = {isa = PBXBuildFile; fileRef = B0000000000000000000002A /* UnavailableAuthenticationRepository.swift */; };
		A00000000000000000000029 /* APIAuthenticationRepository.swift in Sources */ = {isa = PBXBuildFile; fileRef = B0000000000000000000002B /* APIAuthenticationRepository.swift */; };
		A0000000000000000000002A /* APIAuthenticationRepositoryTests.swift in Sources */ = {isa = PBXBuildFile; fileRef = B0000000000000000000002C /* APIAuthenticationRepositoryTests.swift */; };
		A0000000000000000000002B /* SelectedUploadFile.swift in Sources */ = {isa = PBXBuildFile; fileRef = B0000000000000000000002D /* SelectedUploadFile.swift */; };
		A0000000000000000000002C /* DocumentProcessingStatus.swift in Sources */ = {isa = PBXBuildFile; fileRef = B0000000000000000000002E /* DocumentProcessingStatus.swift */; };
		A0000000000000000000002D /* DocumentUploadReceipt.swift in Sources */ = {isa = PBXBuildFile; fileRef = B0000000000000000000002F /* DocumentUploadReceipt.swift */; };
		A0000000000000000000002E /* DocumentStatusSnapshot.swift in Sources */ = {isa = PBXBuildFile; fileRef = B00000000000000000000030 /* DocumentStatusSnapshot.swift */; };
		A0000000000000000000002F /* DocumentUploadRepository.swift in Sources */ = {isa = PBXBuildFile; fileRef = B00000000000000000000031 /* DocumentUploadRepository.swift */; };
		A00000000000000000000030 /* DocumentUploadRepositoryError.swift in Sources */ = {isa = PBXBuildFile; fileRef = B00000000000000000000032 /* DocumentUploadRepositoryError.swift */; };
		A00000000000000000000031 /* MockDocumentUploadRepository.swift in Sources */ = {isa = PBXBuildFile; fileRef = B00000000000000000000033 /* MockDocumentUploadRepository.swift */; };
		A00000000000000000000032 /* UnavailableDocumentUploadRepository.swift in Sources */ = {isa = PBXBuildFile; fileRef = B00000000000000000000034 /* UnavailableDocumentUploadRepository.swift */; };
		A00000000000000000000033 /* UploadFileValidationError.swift in Sources */ = {isa = PBXBuildFile; fileRef = B00000000000000000000035 /* UploadFileValidationError.swift */; };
		A00000000000000000000034 /* UploadFileValidator.swift in Sources */ = {isa = PBXBuildFile; fileRef = B00000000000000000000036 /* UploadFileValidator.swift */; };
		A00000000000000000000035 /* DocumentUploadPollingPolicy.swift in Sources */ = {isa = PBXBuildFile; fileRef = B00000000000000000000037 /* DocumentUploadPollingPolicy.swift */; };
		A00000000000000000000036 /* UploadViewState.swift in Sources */ = {isa = PBXBuildFile; fileRef = B00000000000000000000038 /* UploadViewState.swift */; };
		A00000000000000000000037 /* UploadViewModel.swift in Sources */ = {isa = PBXBuildFile; fileRef = B00000000000000000000039 /* UploadViewModel.swift */; };
		A00000000000000000000038 /* ProcessingChecklist.swift in Sources */ = {isa = PBXBuildFile; fileRef = B0000000000000000000003A /* ProcessingChecklist.swift */; };
		A00000000000000000000039 /* UploadView.swift in Sources */ = {isa = PBXBuildFile; fileRef = B0000000000000000000003B /* UploadView.swift */; };
		A0000000000000000000003A /* UploadFileValidatorTests.swift in Sources */ = {isa = PBXBuildFile; fileRef = B0000000000000000000003C /* UploadFileValidatorTests.swift */; };
		A0000000000000000000003B /* DocumentUploadPollingPolicyTests.swift in Sources */ = {isa = PBXBuildFile; fileRef = B0000000000000000000003D /* DocumentUploadPollingPolicyTests.swift */; };
		A0000000000000000000003C /* UploadViewModelTests.swift in Sources */ = {isa = PBXBuildFile; fileRef = B0000000000000000000003E /* UploadViewModelTests.swift */; };
		A0000000000000000000003D /* UploadFileCard.swift in Sources */ = {isa = PBXBuildFile; fileRef = B0000000000000000000003F /* UploadFileCard.swift */; };
		A0000000000000000000003E /* UploadResultCard.swift in Sources */ = {isa = PBXBuildFile; fileRef = B00000000000000000000040 /* UploadResultCard.swift */; };
		A0000000000000000000003F /* APIDocumentUploadRepository.swift in Sources */ = {isa = PBXBuildFile; fileRef = B00000000000000000000041 /* APIDocumentUploadRepository.swift */; };
		A00000000000000000000040 /* APIDocumentUploadRepositoryTests.swift in Sources */ = {isa = PBXBuildFile; fileRef = B00000000000000000000042 /* APIDocumentUploadRepositoryTests.swift */; };
		A00000000000000000000041 /* DocumentSourceType.swift in Sources */ = {isa = PBXBuildFile; fileRef = B00000000000000000000043 /* DocumentSourceType.swift */; };
		A00000000000000000000042 /* UploadPasswordCard.swift in Sources */ = {isa = PBXBuildFile; fileRef = B00000000000000000000044 /* UploadPasswordCard.swift */; };
		A00000000000000000000043 /* UploadSourcePickerCard.swift in Sources */ = {isa = PBXBuildFile; fileRef = B00000000000000000000045 /* UploadSourcePickerCard.swift */; };
		A00000000000000000000044 /* ExtractionReview.swift in Sources */ = {isa = PBXBuildFile; fileRef = B00000000000000000000046 /* ExtractionReview.swift */; };
		A00000000000000000000045 /* DataConfidenceReport.swift in Sources */ = {isa = PBXBuildFile; fileRef = B00000000000000000000047 /* DataConfidenceReport.swift */; };
		A00000000000000000000046 /* DocumentVerificationRepository.swift in Sources */ = {isa = PBXBuildFile; fileRef = B00000000000000000000048 /* DocumentVerificationRepository.swift */; };
		A00000000000000000000047 /* DocumentVerificationRepositoryError.swift in Sources */ = {isa = PBXBuildFile; fileRef = B00000000000000000000049 /* DocumentVerificationRepositoryError.swift */; };
		A00000000000000000000048 /* UnavailableVerificationRepository.swift in Sources */ = {isa = PBXBuildFile; fileRef = B0000000000000000000004A /* UnavailableVerificationRepository.swift */; };
		A00000000000000000000049 /* MockDocumentVerificationRepository.swift in Sources */ = {isa = PBXBuildFile; fileRef = B0000000000000000000004B /* MockDocumentVerificationRepository.swift */; };
		A0000000000000000000004A /* IDRFormatter.swift in Sources */ = {isa = PBXBuildFile; fileRef = B0000000000000000000004C /* IDRFormatter.swift */; };
		A0000000000000000000004B /* ExtractionReviewViewState.swift in Sources */ = {isa = PBXBuildFile; fileRef = B0000000000000000000004D /* ExtractionReviewViewState.swift */; };
		A0000000000000000000004C /* ExtractionReviewViewModel.swift in Sources */ = {isa = PBXBuildFile; fileRef = B0000000000000000000004E /* ExtractionReviewViewModel.swift */; };
		A0000000000000000000004D /* DataConfidenceViewState.swift in Sources */ = {isa = PBXBuildFile; fileRef = B0000000000000000000004F /* DataConfidenceViewState.swift */; };
		A0000000000000000000004E /* DataConfidenceViewModel.swift in Sources */ = {isa = PBXBuildFile; fileRef = B00000000000000000000050 /* DataConfidenceViewModel.swift */; };
		A0000000000000000000004F /* ExtractionTransactionCard.swift in Sources */ = {isa = PBXBuildFile; fileRef = B00000000000000000000051 /* ExtractionTransactionCard.swift */; };
		A00000000000000000000050 /* ExtractionReviewView.swift in Sources */ = {isa = PBXBuildFile; fileRef = B00000000000000000000052 /* ExtractionReviewView.swift */; };
		A00000000000000000000051 /* DataConfidenceCard.swift in Sources */ = {isa = PBXBuildFile; fileRef = B00000000000000000000053 /* DataConfidenceCard.swift */; };
		A00000000000000000000052 /* DataConfidenceDetailView.swift in Sources */ = {isa = PBXBuildFile; fileRef = B00000000000000000000054 /* DataConfidenceDetailView.swift */; };
		A00000000000000000000053 /* DataConfidenceView.swift in Sources */ = {isa = PBXBuildFile; fileRef = B00000000000000000000055 /* DataConfidenceView.swift */; };
		A00000000000000000000054 /* ExtractionReviewViewModelTests.swift in Sources */ = {isa = PBXBuildFile; fileRef = B00000000000000000000056 /* ExtractionReviewViewModelTests.swift */; };
		A00000000000000000000055 /* DataConfidenceViewModelTests.swift in Sources */ = {isa = PBXBuildFile; fileRef = B00000000000000000000057 /* DataConfidenceViewModelTests.swift */; };
		A00000000000000000000056 /* IDRFormatterTests.swift in Sources */ = {isa = PBXBuildFile; fileRef = B00000000000000000000058 /* IDRFormatterTests.swift */; };
		A00000000000000000000057 /* DocumentVerificationDTOs.swift in Sources */ = {isa = PBXBuildFile; fileRef = B00000000000000000000059 /* DocumentVerificationDTOs.swift */; };
		A00000000000000000000058 /* APIDocumentVerificationRepository.swift in Sources */ = {isa = PBXBuildFile; fileRef = B0000000000000000000005A /* APIDocumentVerificationRepository.swift */; };
		A00000000000000000000059 /* APIDocumentVerificationRepositoryTests.swift in Sources */ = {isa = PBXBuildFile; fileRef = B0000000000000000000005B /* APIDocumentVerificationRepositoryTests.swift */; };
		A0000000000000000000005A /* DocumentVerificationMapper.swift in Sources */ = {isa = PBXBuildFile; fileRef = B0000000000000000000005C /* DocumentVerificationMapper.swift */; };
		A0000000000000000000005B /* FinancingNeed.swift in Sources */ = {isa = PBXBuildFile; fileRef = B0000000000000000000005D /* FinancingNeed.swift */; };
		A0000000000000000000005C /* FinancingNeedRepository.swift in Sources */ = {isa = PBXBuildFile; fileRef = B0000000000000000000005E /* FinancingNeedRepository.swift */; };
		A0000000000000000000005D /* FinancingNeedRepositoryError.swift in Sources */ = {isa = PBXBuildFile; fileRef = B0000000000000000000005F /* FinancingNeedRepositoryError.swift */; };
		A0000000000000000000005E /* MockFinancingNeedRepository.swift in Sources */ = {isa = PBXBuildFile; fileRef = B00000000000000000000060 /* MockFinancingNeedRepository.swift */; };
		A0000000000000000000005F /* UnavailableFinancingNeedRepository.swift in Sources */ = {isa = PBXBuildFile; fileRef = B00000000000000000000061 /* UnavailableFinancingNeedRepository.swift */; };
		A00000000000000000000060 /* FinancingNeedViewState.swift in Sources */ = {isa = PBXBuildFile; fileRef = B00000000000000000000062 /* FinancingNeedViewState.swift */; };
		A00000000000000000000061 /* FinancingNeedViewModel.swift in Sources */ = {isa = PBXBuildFile; fileRef = B00000000000000000000063 /* FinancingNeedViewModel.swift */; };
		A00000000000000000000062 /* FinancingNeedView.swift in Sources */ = {isa = PBXBuildFile; fileRef = B00000000000000000000064 /* FinancingNeedView.swift */; };
		A00000000000000000000063 /* AssessmentDashboard.swift in Sources */ = {isa = PBXBuildFile; fileRef = B00000000000000000000065 /* AssessmentDashboard.swift */; };
		A00000000000000000000064 /* AssessmentDashboardRepository.swift in Sources */ = {isa = PBXBuildFile; fileRef = B00000000000000000000066 /* AssessmentDashboardRepository.swift */; };
		A00000000000000000000065 /* AssessmentDashboardRepositoryError.swift in Sources */ = {isa = PBXBuildFile; fileRef = B00000000000000000000067 /* AssessmentDashboardRepositoryError.swift */; };
		A00000000000000000000066 /* UnavailableAssessmentDashboardRepository.swift in Sources */ = {isa = PBXBuildFile; fileRef = B00000000000000000000068 /* UnavailableAssessmentDashboardRepository.swift */; };
		A00000000000000000000067 /* MockAssessmentDashboardRepository.swift in Sources */ = {isa = PBXBuildFile; fileRef = B00000000000000000000069 /* MockAssessmentDashboardRepository.swift */; };
		A00000000000000000000068 /* AssessmentDashboardViewState.swift in Sources */ = {isa = PBXBuildFile; fileRef = B0000000000000000000006A /* AssessmentDashboardViewState.swift */; };
		A00000000000000000000069 /* AssessmentDashboardViewModel.swift in Sources */ = {isa = PBXBuildFile; fileRef = B0000000000000000000006B /* AssessmentDashboardViewModel.swift */; };
		A0000000000000000000006A /* RiskBandCard.swift in Sources */ = {isa = PBXBuildFile; fileRef = B0000000000000000000006C /* RiskBandCard.swift */; };
		A0000000000000000000006B /* SafeBorrowingCard.swift in Sources */ = {isa = PBXBuildFile; fileRef = B0000000000000000000006D /* SafeBorrowingCard.swift */; };
		A0000000000000000000006C /* DigitalTwinSummaryView.swift in Sources */ = {isa = PBXBuildFile; fileRef = B0000000000000000000006E /* DigitalTwinSummaryView.swift */; };
		A0000000000000000000006D /* FinancialHealthPlanView.swift in Sources */ = {isa = PBXBuildFile; fileRef = B0000000000000000000006F /* FinancialHealthPlanView.swift */; };
		A0000000000000000000006E /* AssessmentDashboardView.swift in Sources */ = {isa = PBXBuildFile; fileRef = B00000000000000000000070 /* AssessmentDashboardView.swift */; };
		A0000000000000000000006F /* FinancingNeedViewModelTests.swift in Sources */ = {isa = PBXBuildFile; fileRef = B00000000000000000000071 /* FinancingNeedViewModelTests.swift */; };
		A00000000000000000000070 /* AssessmentDashboardViewModelTests.swift in Sources */ = {isa = PBXBuildFile; fileRef = B00000000000000000000072 /* AssessmentDashboardViewModelTests.swift */; };
		A00000000000000000000071 /* APIFinancingNeedRepository.swift in Sources */ = {isa = PBXBuildFile; fileRef = B00000000000000000000073 /* APIFinancingNeedRepository.swift */; };
		A00000000000000000000072 /* APIAssessmentDashboardRepository.swift in Sources */ = {isa = PBXBuildFile; fileRef = B00000000000000000000074 /* APIAssessmentDashboardRepository.swift */; };
		A00000000000000000000073 /* AssessmentDashboardDTOs.swift in Sources */ = {isa = PBXBuildFile; fileRef = B00000000000000000000075 /* AssessmentDashboardDTOs.swift */; };
		A00000000000000000000074 /* AssessmentDashboardMapper.swift in Sources */ = {isa = PBXBuildFile; fileRef = B00000000000000000000076 /* AssessmentDashboardMapper.swift */; };
		A00000000000000000000075 /* APIFinancingNeedRepositoryTests.swift in Sources */ = {isa = PBXBuildFile; fileRef = B00000000000000000000077 /* APIFinancingNeedRepositoryTests.swift */; };
		A00000000000000000000076 /* APIAssessmentDashboardRepositoryTests.swift in Sources */ = {isa = PBXBuildFile; fileRef = B00000000000000000000078 /* APIAssessmentDashboardRepositoryTests.swift */; };
		A00000000000000000000077 /* ShockAssessment.swift in Sources */ = {isa = PBXBuildFile; fileRef = B00000000000000000000079 /* ShockAssessment.swift */; };
		A00000000000000000000078 /* ShockSimulationParameters.swift in Sources */ = {isa = PBXBuildFile; fileRef = B0000000000000000000007A /* ShockSimulationParameters.swift */; };
		A00000000000000000000079 /* ShockRepository.swift in Sources */ = {isa = PBXBuildFile; fileRef = B0000000000000000000007B /* ShockRepository.swift */; };
		A0000000000000000000007A /* ShockRepositoryError.swift in Sources */ = {isa = PBXBuildFile; fileRef = B0000000000000000000007C /* ShockRepositoryError.swift */; };
		A0000000000000000000007B /* UnavailableShockRepository.swift in Sources */ = {isa = PBXBuildFile; fileRef = B0000000000000000000007D /* UnavailableShockRepository.swift */; };
		A0000000000000000000007C /* MockShockRepository.swift in Sources */ = {isa = PBXBuildFile; fileRef = B0000000000000000000007E /* MockShockRepository.swift */; };
		A0000000000000000000007D /* ShockViewState.swift in Sources */ = {isa = PBXBuildFile; fileRef = B0000000000000000000007F /* ShockViewState.swift */; };
		A0000000000000000000007E /* ShockViewModel.swift in Sources */ = {isa = PBXBuildFile; fileRef = B00000000000000000000080 /* ShockViewModel.swift */; };
		A0000000000000000000007F /* ShockResilienceCard.swift in Sources */ = {isa = PBXBuildFile; fileRef = B00000000000000000000081 /* ShockResilienceCard.swift */; };
		A00000000000000000000080 /* ShockSlider.swift in Sources */ = {isa = PBXBuildFile; fileRef = B00000000000000000000082 /* ShockSlider.swift */; };
		A00000000000000000000081 /* ShockProjectionChart.swift in Sources */ = {isa = PBXBuildFile; fileRef = B00000000000000000000083 /* ShockProjectionChart.swift */; };
		A00000000000000000000082 /* ShockSimulationView.swift in Sources */ = {isa = PBXBuildFile; fileRef = B00000000000000000000084 /* ShockSimulationView.swift */; };
		A00000000000000000000083 /* SafeOffer.swift in Sources */ = {isa = PBXBuildFile; fileRef = B00000000000000000000085 /* SafeOffer.swift */; };
		A00000000000000000000084 /* OfferRepository.swift in Sources */ = {isa = PBXBuildFile; fileRef = B00000000000000000000086 /* OfferRepository.swift */; };
		A00000000000000000000085 /* OfferRepositoryError.swift in Sources */ = {isa = PBXBuildFile; fileRef = B00000000000000000000087 /* OfferRepositoryError.swift */; };
		A00000000000000000000086 /* UnavailableOfferRepository.swift in Sources */ = {isa = PBXBuildFile; fileRef = B00000000000000000000088 /* UnavailableOfferRepository.swift */; };
		A00000000000000000000087 /* MockOfferRepository.swift in Sources */ = {isa = PBXBuildFile; fileRef = B00000000000000000000089 /* MockOfferRepository.swift */; };
		A00000000000000000000088 /* OffersViewState.swift in Sources */ = {isa = PBXBuildFile; fileRef = B0000000000000000000008A /* OffersViewState.swift */; };
		A00000000000000000000089 /* OffersViewModel.swift in Sources */ = {isa = PBXBuildFile; fileRef = B0000000000000000000008B /* OffersViewModel.swift */; };
		A0000000000000000000008A /* OfferDetailViewState.swift in Sources */ = {isa = PBXBuildFile; fileRef = B0000000000000000000008C /* OfferDetailViewState.swift */; };
		A0000000000000000000008B /* OfferDetailViewModel.swift in Sources */ = {isa = PBXBuildFile; fileRef = B0000000000000000000008D /* OfferDetailViewModel.swift */; };
		A0000000000000000000008C /* OfferRow.swift in Sources */ = {isa = PBXBuildFile; fileRef = B0000000000000000000008E /* OfferRow.swift */; };
		A0000000000000000000008D /* OffersListView.swift in Sources */ = {isa = PBXBuildFile; fileRef = B0000000000000000000008F /* OffersListView.swift */; };
		A0000000000000000000008E /* OfferDetailView.swift in Sources */ = {isa = PBXBuildFile; fileRef = B00000000000000000000090 /* OfferDetailView.swift */; };
		A0000000000000000000008F /* ShockViewModelTests.swift in Sources */ = {isa = PBXBuildFile; fileRef = B00000000000000000000091 /* ShockViewModelTests.swift */; };
		A00000000000000000000090 /* OffersViewModelTests.swift in Sources */ = {isa = PBXBuildFile; fileRef = B00000000000000000000092 /* OffersViewModelTests.swift */; };
		A00000000000000000000091 /* OfferDetailViewModelTests.swift in Sources */ = {isa = PBXBuildFile; fileRef = B00000000000000000000093 /* OfferDetailViewModelTests.swift */; };
/* End PBXBuildFile section */

/* Begin PBXContainerItemProxy section */
		C00000000000000000000010 /* PBXContainerItemProxy */ = {
			isa = PBXContainerItemProxy;
			containerPortal = J00000000000000000000001 /* Project object */;
			proxyType = 1;
			remoteGlobalIDString = E00000000000000000000001;
			remoteInfo = CrediWise;
		};
		C00000000000000000000011 /* PBXContainerItemProxy */ = {
			isa = PBXContainerItemProxy;
			containerPortal = J00000000000000000000001 /* Project object */;
			proxyType = 1;
			remoteGlobalIDString = E00000000000000000000001;
			remoteInfo = CrediWise;
		};
/* End PBXContainerItemProxy section */

/* Begin PBXFileReference section */
		B00000000000000000000001 /* CrediWiseApp.swift */ = {isa = PBXFileReference; lastKnownFileType = sourcecode.swift; path = CrediWiseApp.swift; sourceTree = "<group>"; };
		B00000000000000000000002 /* AppContainer.swift */ = {isa = PBXFileReference; lastKnownFileType = sourcecode.swift; path = AppContainer.swift; sourceTree = "<group>"; };
		B00000000000000000000003 /* AppCoordinator.swift */ = {isa = PBXFileReference; lastKnownFileType = sourcecode.swift; path = AppCoordinator.swift; sourceTree = "<group>"; };
		B00000000000000000000004 /* AppRoute.swift */ = {isa = PBXFileReference; lastKnownFileType = sourcecode.swift; path = AppRoute.swift; sourceTree = "<group>"; };
		B00000000000000000000005 /* AppRootView.swift */ = {isa = PBXFileReference; lastKnownFileType = sourcecode.swift; path = AppRootView.swift; sourceTree = "<group>"; };
		B00000000000000000000006 /* CrediWiseColors.swift */ = {isa = PBXFileReference; lastKnownFileType = sourcecode.swift; path = CrediWiseColors.swift; sourceTree = "<group>"; };
		B00000000000000000000007 /* SpacingTokens.swift */ = {isa = PBXFileReference; lastKnownFileType = sourcecode.swift; path = SpacingTokens.swift; sourceTree = "<group>"; };
		B00000000000000000000008 /* RadiusTokens.swift */ = {isa = PBXFileReference; lastKnownFileType = sourcecode.swift; path = RadiusTokens.swift; sourceTree = "<group>"; };
		B00000000000000000000009 /* TypographyTokens.swift */ = {isa = PBXFileReference; lastKnownFileType = sourcecode.swift; path = TypographyTokens.swift; sourceTree = "<group>"; };
		B0000000000000000000000A /* CTAButton.swift */ = {isa = PBXFileReference; lastKnownFileType = sourcecode.swift; path = CTAButton.swift; sourceTree = "<group>"; };
		B0000000000000000000000B /* PrimaryButton.swift */ = {isa = PBXFileReference; lastKnownFileType = sourcecode.swift; path = PrimaryButton.swift; sourceTree = "<group>"; };
		B0000000000000000000000C /* DisclaimerFooter.swift */ = {isa = PBXFileReference; lastKnownFileType = sourcecode.swift; path = DisclaimerFooter.swift; sourceTree = "<group>"; };
		B0000000000000000000000D /* PositioningStrings.swift */ = {isa = PBXFileReference; lastKnownFileType = sourcecode.swift; path = PositioningStrings.swift; sourceTree = "<group>"; };
		B0000000000000000000000E /* WelcomeView.swift */ = {isa = PBXFileReference; lastKnownFileType = sourcecode.swift; path = WelcomeView.swift; sourceTree = "<group>"; };
		B0000000000000000000000F /* AuthenticationView.swift */ = {isa = PBXFileReference; lastKnownFileType = sourcecode.swift; path = AuthenticationView.swift; sourceTree = "<group>"; };
		B00000000000000000000010 /* Assets.xcassets */ = {isa = PBXFileReference; lastKnownFileType = folder.assetcatalog; path = Assets.xcassets; sourceTree = "<group>"; };
		B00000000000000000000012 /* AppCoordinatorTests.swift */ = {isa = PBXFileReference; lastKnownFileType = sourcecode.swift; path = AppCoordinatorTests.swift; sourceTree = "<group>"; };
		B00000000000000000000013 /* WelcomeFlowUITests.swift */ = {isa = PBXFileReference; lastKnownFileType = sourcecode.swift; path = WelcomeFlowUITests.swift; sourceTree = "<group>"; };
		B00000000000000000000014 /* id */ = {isa = PBXFileReference; lastKnownFileType = text.plist.strings; name = id; path = id.lproj/Localizable.strings; sourceTree = "<group>"; };
		B00000000000000000000015 /* en */ = {isa = PBXFileReference; lastKnownFileType = text.plist.strings; name = en; path = en.lproj/Localizable.strings; sourceTree = "<group>"; };
		B00000000000000000000016 /* AuthenticatedHomeView.swift */ = {isa = PBXFileReference; lastKnownFileType = sourcecode.swift; path = AuthenticatedHomeView.swift; sourceTree = "<group>"; };
		B00000000000000000000017 /* SessionTokens.swift */ = {isa = PBXFileReference; lastKnownFileType = sourcecode.swift; path = SessionTokens.swift; sourceTree = "<group>"; };
		B00000000000000000000018 /* TokenStore.swift */ = {isa = PBXFileReference; lastKnownFileType = sourcecode.swift; path = TokenStore.swift; sourceTree = "<group>"; };
		B00000000000000000000019 /* TokenStoreError.swift */ = {isa = PBXFileReference; lastKnownFileType = sourcecode.swift; path = TokenStoreError.swift; sourceTree = "<group>"; };
		B0000000000000000000001A /* KeychainTokenStore.swift */ = {isa = PBXFileReference; lastKnownFileType = sourcecode.swift; path = KeychainTokenStore.swift; sourceTree = "<group>"; };
		B0000000000000000000001B /* VolatileTokenStore.swift */ = {isa = PBXFileReference; lastKnownFileType = sourcecode.swift; path = VolatileTokenStore.swift; sourceTree = "<group>"; };
		B0000000000000000000001C /* SessionState.swift */ = {isa = PBXFileReference; lastKnownFileType = sourcecode.swift; path = SessionState.swift; sourceTree = "<group>"; };
		B0000000000000000000001D /* SessionManager.swift */ = {isa = PBXFileReference; lastKnownFileType = sourcecode.swift; path = SessionManager.swift; sourceTree = "<group>"; };
		B0000000000000000000001E /* AuthInterceptorError.swift */ = {isa = PBXFileReference; lastKnownFileType = sourcecode.swift; path = AuthInterceptorError.swift; sourceTree = "<group>"; };
		B0000000000000000000001F /* AuthInterceptor.swift */ = {isa = PBXFileReference; lastKnownFileType = sourcecode.swift; path = AuthInterceptor.swift; sourceTree = "<group>"; };
		B00000000000000000000020 /* AuthenticationRepository.swift */ = {isa = PBXFileReference; lastKnownFileType = sourcecode.swift; path = AuthenticationRepository.swift; sourceTree = "<group>"; };
		B00000000000000000000021 /* AuthenticationRepositoryError.swift */ = {isa = PBXFileReference; lastKnownFileType = sourcecode.swift; path = AuthenticationRepositoryError.swift; sourceTree = "<group>"; };
		B00000000000000000000022 /* MockAuthenticationRepository.swift */ = {isa = PBXFileReference; lastKnownFileType = sourcecode.swift; path = MockAuthenticationRepository.swift; sourceTree = "<group>"; };
		B00000000000000000000023 /* AuthenticationMode.swift */ = {isa = PBXFileReference; lastKnownFileType = sourcecode.swift; path = AuthenticationMode.swift; sourceTree = "<group>"; };
		B00000000000000000000024 /* AuthenticationOutcome.swift */ = {isa = PBXFileReference; lastKnownFileType = sourcecode.swift; path = AuthenticationOutcome.swift; sourceTree = "<group>"; };
		B00000000000000000000025 /* AuthenticationViewState.swift */ = {isa = PBXFileReference; lastKnownFileType = sourcecode.swift; path = AuthenticationViewState.swift; sourceTree = "<group>"; };
		B00000000000000000000026 /* AuthenticationViewModel.swift */ = {isa = PBXFileReference; lastKnownFileType = sourcecode.swift; path = AuthenticationViewModel.swift; sourceTree = "<group>"; };
		B00000000000000000000027 /* SessionManagerTests.swift */ = {isa = PBXFileReference; lastKnownFileType = sourcecode.swift; path = SessionManagerTests.swift; sourceTree = "<group>"; };
		B00000000000000000000028 /* AuthInterceptorTests.swift */ = {isa = PBXFileReference; lastKnownFileType = sourcecode.swift; path = AuthInterceptorTests.swift; sourceTree = "<group>"; };
		B00000000000000000000029 /* AuthenticationViewModelTests.swift */ = {isa = PBXFileReference; lastKnownFileType = sourcecode.swift; path = AuthenticationViewModelTests.swift; sourceTree = "<group>"; };
		B0000000000000000000002A /* UnavailableAuthenticationRepository.swift */ = {isa = PBXFileReference; lastKnownFileType = sourcecode.swift; path = UnavailableAuthenticationRepository.swift; sourceTree = "<group>"; };
		B0000000000000000000002B /* APIAuthenticationRepository.swift */ = {isa = PBXFileReference; lastKnownFileType = sourcecode.swift; path = APIAuthenticationRepository.swift; sourceTree = "<group>"; };
		B0000000000000000000002C /* APIAuthenticationRepositoryTests.swift */ = {isa = PBXFileReference; lastKnownFileType = sourcecode.swift; path = APIAuthenticationRepositoryTests.swift; sourceTree = "<group>"; };
		B0000000000000000000002D /* SelectedUploadFile.swift */ = {isa = PBXFileReference; lastKnownFileType = sourcecode.swift; path = SelectedUploadFile.swift; sourceTree = "<group>"; };
		B0000000000000000000002E /* DocumentProcessingStatus.swift */ = {isa = PBXFileReference; lastKnownFileType = sourcecode.swift; path = DocumentProcessingStatus.swift; sourceTree = "<group>"; };
		B0000000000000000000002F /* DocumentUploadReceipt.swift */ = {isa = PBXFileReference; lastKnownFileType = sourcecode.swift; path = DocumentUploadReceipt.swift; sourceTree = "<group>"; };
		B00000000000000000000030 /* DocumentStatusSnapshot.swift */ = {isa = PBXFileReference; lastKnownFileType = sourcecode.swift; path = DocumentStatusSnapshot.swift; sourceTree = "<group>"; };
		B00000000000000000000031 /* DocumentUploadRepository.swift */ = {isa = PBXFileReference; lastKnownFileType = sourcecode.swift; path = DocumentUploadRepository.swift; sourceTree = "<group>"; };
		B00000000000000000000032 /* DocumentUploadRepositoryError.swift */ = {isa = PBXFileReference; lastKnownFileType = sourcecode.swift; path = DocumentUploadRepositoryError.swift; sourceTree = "<group>"; };
		B00000000000000000000033 /* MockDocumentUploadRepository.swift */ = {isa = PBXFileReference; lastKnownFileType = sourcecode.swift; path = MockDocumentUploadRepository.swift; sourceTree = "<group>"; };
		B00000000000000000000034 /* UnavailableDocumentUploadRepository.swift */ = {isa = PBXFileReference; lastKnownFileType = sourcecode.swift; path = UnavailableDocumentUploadRepository.swift; sourceTree = "<group>"; };
		B00000000000000000000035 /* UploadFileValidationError.swift */ = {isa = PBXFileReference; lastKnownFileType = sourcecode.swift; path = UploadFileValidationError.swift; sourceTree = "<group>"; };
		B00000000000000000000036 /* UploadFileValidator.swift */ = {isa = PBXFileReference; lastKnownFileType = sourcecode.swift; path = UploadFileValidator.swift; sourceTree = "<group>"; };
		B00000000000000000000037 /* DocumentUploadPollingPolicy.swift */ = {isa = PBXFileReference; lastKnownFileType = sourcecode.swift; path = DocumentUploadPollingPolicy.swift; sourceTree = "<group>"; };
		B00000000000000000000038 /* UploadViewState.swift */ = {isa = PBXFileReference; lastKnownFileType = sourcecode.swift; path = UploadViewState.swift; sourceTree = "<group>"; };
		B00000000000000000000039 /* UploadViewModel.swift */ = {isa = PBXFileReference; lastKnownFileType = sourcecode.swift; path = UploadViewModel.swift; sourceTree = "<group>"; };
		B0000000000000000000003A /* ProcessingChecklist.swift */ = {isa = PBXFileReference; lastKnownFileType = sourcecode.swift; path = ProcessingChecklist.swift; sourceTree = "<group>"; };
		B0000000000000000000003B /* UploadView.swift */ = {isa = PBXFileReference; lastKnownFileType = sourcecode.swift; path = UploadView.swift; sourceTree = "<group>"; };
		B0000000000000000000003C /* UploadFileValidatorTests.swift */ = {isa = PBXFileReference; lastKnownFileType = sourcecode.swift; path = UploadFileValidatorTests.swift; sourceTree = "<group>"; };
		B0000000000000000000003D /* DocumentUploadPollingPolicyTests.swift */ = {isa = PBXFileReference; lastKnownFileType = sourcecode.swift; path = DocumentUploadPollingPolicyTests.swift; sourceTree = "<group>"; };
		B0000000000000000000003E /* UploadViewModelTests.swift */ = {isa = PBXFileReference; lastKnownFileType = sourcecode.swift; path = UploadViewModelTests.swift; sourceTree = "<group>"; };
		B0000000000000000000003F /* UploadFileCard.swift */ = {isa = PBXFileReference; lastKnownFileType = sourcecode.swift; path = UploadFileCard.swift; sourceTree = "<group>"; };
		B00000000000000000000040 /* UploadResultCard.swift */ = {isa = PBXFileReference; lastKnownFileType = sourcecode.swift; path = UploadResultCard.swift; sourceTree = "<group>"; };
		B00000000000000000000041 /* APIDocumentUploadRepository.swift */ = {isa = PBXFileReference; lastKnownFileType = sourcecode.swift; path = APIDocumentUploadRepository.swift; sourceTree = "<group>"; };
		B00000000000000000000042 /* APIDocumentUploadRepositoryTests.swift */ = {isa = PBXFileReference; lastKnownFileType = sourcecode.swift; path = APIDocumentUploadRepositoryTests.swift; sourceTree = "<group>"; };
		B00000000000000000000043 /* DocumentSourceType.swift */ = {isa = PBXFileReference; lastKnownFileType = sourcecode.swift; path = DocumentSourceType.swift; sourceTree = "<group>"; };
		B00000000000000000000044 /* UploadPasswordCard.swift */ = {isa = PBXFileReference; lastKnownFileType = sourcecode.swift; path = UploadPasswordCard.swift; sourceTree = "<group>"; };
		B00000000000000000000045 /* UploadSourcePickerCard.swift */ = {isa = PBXFileReference; lastKnownFileType = sourcecode.swift; path = UploadSourcePickerCard.swift; sourceTree = "<group>"; };
		B00000000000000000000046 /* ExtractionReview.swift */ = {isa = PBXFileReference; lastKnownFileType = sourcecode.swift; path = ExtractionReview.swift; sourceTree = "<group>"; };
		B00000000000000000000047 /* DataConfidenceReport.swift */ = {isa = PBXFileReference; lastKnownFileType = sourcecode.swift; path = DataConfidenceReport.swift; sourceTree = "<group>"; };
		B00000000000000000000048 /* DocumentVerificationRepository.swift */ = {isa = PBXFileReference; lastKnownFileType = sourcecode.swift; path = DocumentVerificationRepository.swift; sourceTree = "<group>"; };
		B00000000000000000000049 /* DocumentVerificationRepositoryError.swift */ = {isa = PBXFileReference; lastKnownFileType = sourcecode.swift; path = DocumentVerificationRepositoryError.swift; sourceTree = "<group>"; };
		B0000000000000000000004A /* UnavailableVerificationRepository.swift */ = {isa = PBXFileReference; lastKnownFileType = sourcecode.swift; path = UnavailableVerificationRepository.swift; sourceTree = "<group>"; };
		B0000000000000000000004B /* MockDocumentVerificationRepository.swift */ = {isa = PBXFileReference; lastKnownFileType = sourcecode.swift; path = MockDocumentVerificationRepository.swift; sourceTree = "<group>"; };
		B0000000000000000000004C /* IDRFormatter.swift */ = {isa = PBXFileReference; lastKnownFileType = sourcecode.swift; path = IDRFormatter.swift; sourceTree = "<group>"; };
		B0000000000000000000004D /* ExtractionReviewViewState.swift */ = {isa = PBXFileReference; lastKnownFileType = sourcecode.swift; path = ExtractionReviewViewState.swift; sourceTree = "<group>"; };
		B0000000000000000000004E /* ExtractionReviewViewModel.swift */ = {isa = PBXFileReference; lastKnownFileType = sourcecode.swift; path = ExtractionReviewViewModel.swift; sourceTree = "<group>"; };
		B0000000000000000000004F /* DataConfidenceViewState.swift */ = {isa = PBXFileReference; lastKnownFileType = sourcecode.swift; path = DataConfidenceViewState.swift; sourceTree = "<group>"; };
		B00000000000000000000050 /* DataConfidenceViewModel.swift */ = {isa = PBXFileReference; lastKnownFileType = sourcecode.swift; path = DataConfidenceViewModel.swift; sourceTree = "<group>"; };
		B00000000000000000000051 /* ExtractionTransactionCard.swift */ = {isa = PBXFileReference; lastKnownFileType = sourcecode.swift; path = ExtractionTransactionCard.swift; sourceTree = "<group>"; };
		B00000000000000000000052 /* ExtractionReviewView.swift */ = {isa = PBXFileReference; lastKnownFileType = sourcecode.swift; path = ExtractionReviewView.swift; sourceTree = "<group>"; };
		B00000000000000000000053 /* DataConfidenceCard.swift */ = {isa = PBXFileReference; lastKnownFileType = sourcecode.swift; path = DataConfidenceCard.swift; sourceTree = "<group>"; };
		B00000000000000000000054 /* DataConfidenceDetailView.swift */ = {isa = PBXFileReference; lastKnownFileType = sourcecode.swift; path = DataConfidenceDetailView.swift; sourceTree = "<group>"; };
		B00000000000000000000055 /* DataConfidenceView.swift */ = {isa = PBXFileReference; lastKnownFileType = sourcecode.swift; path = DataConfidenceView.swift; sourceTree = "<group>"; };
		B00000000000000000000056 /* ExtractionReviewViewModelTests.swift */ = {isa = PBXFileReference; lastKnownFileType = sourcecode.swift; path = ExtractionReviewViewModelTests.swift; sourceTree = "<group>"; };
		B00000000000000000000057 /* DataConfidenceViewModelTests.swift */ = {isa = PBXFileReference; lastKnownFileType = sourcecode.swift; path = DataConfidenceViewModelTests.swift; sourceTree = "<group>"; };
		B00000000000000000000058 /* IDRFormatterTests.swift */ = {isa = PBXFileReference; lastKnownFileType = sourcecode.swift; path = IDRFormatterTests.swift; sourceTree = "<group>"; };
		B00000000000000000000059 /* DocumentVerificationDTOs.swift */ = {isa = PBXFileReference; lastKnownFileType = sourcecode.swift; path = DocumentVerificationDTOs.swift; sourceTree = "<group>"; };
		B0000000000000000000005A /* APIDocumentVerificationRepository.swift */ = {isa = PBXFileReference; lastKnownFileType = sourcecode.swift; path = APIDocumentVerificationRepository.swift; sourceTree = "<group>"; };
		B0000000000000000000005B /* APIDocumentVerificationRepositoryTests.swift */ = {isa = PBXFileReference; lastKnownFileType = sourcecode.swift; path = APIDocumentVerificationRepositoryTests.swift; sourceTree = "<group>"; };
		B0000000000000000000005C /* DocumentVerificationMapper.swift */ = {isa = PBXFileReference; lastKnownFileType = sourcecode.swift; path = DocumentVerificationMapper.swift; sourceTree = "<group>"; };
		B0000000000000000000005D /* FinancingNeed.swift */ = {isa = PBXFileReference; lastKnownFileType = sourcecode.swift; path = FinancingNeed.swift; sourceTree = "<group>"; };
		B0000000000000000000005E /* FinancingNeedRepository.swift */ = {isa = PBXFileReference; lastKnownFileType = sourcecode.swift; path = FinancingNeedRepository.swift; sourceTree = "<group>"; };
		B0000000000000000000005F /* FinancingNeedRepositoryError.swift */ = {isa = PBXFileReference; lastKnownFileType = sourcecode.swift; path = FinancingNeedRepositoryError.swift; sourceTree = "<group>"; };
		B00000000000000000000060 /* MockFinancingNeedRepository.swift */ = {isa = PBXFileReference; lastKnownFileType = sourcecode.swift; path = MockFinancingNeedRepository.swift; sourceTree = "<group>"; };
		B00000000000000000000061 /* UnavailableFinancingNeedRepository.swift */ = {isa = PBXFileReference; lastKnownFileType = sourcecode.swift; path = UnavailableFinancingNeedRepository.swift; sourceTree = "<group>"; };
		B00000000000000000000062 /* FinancingNeedViewState.swift */ = {isa = PBXFileReference; lastKnownFileType = sourcecode.swift; path = FinancingNeedViewState.swift; sourceTree = "<group>"; };
		B00000000000000000000063 /* FinancingNeedViewModel.swift */ = {isa = PBXFileReference; lastKnownFileType = sourcecode.swift; path = FinancingNeedViewModel.swift; sourceTree = "<group>"; };
		B00000000000000000000064 /* FinancingNeedView.swift */ = {isa = PBXFileReference; lastKnownFileType = sourcecode.swift; path = FinancingNeedView.swift; sourceTree = "<group>"; };
		B00000000000000000000065 /* AssessmentDashboard.swift */ = {isa = PBXFileReference; lastKnownFileType = sourcecode.swift; path = AssessmentDashboard.swift; sourceTree = "<group>"; };
		B00000000000000000000066 /* AssessmentDashboardRepository.swift */ = {isa = PBXFileReference; lastKnownFileType = sourcecode.swift; path = AssessmentDashboardRepository.swift; sourceTree = "<group>"; };
		B00000000000000000000067 /* AssessmentDashboardRepositoryError.swift */ = {isa = PBXFileReference; lastKnownFileType = sourcecode.swift; path = AssessmentDashboardRepositoryError.swift; sourceTree = "<group>"; };
		B00000000000000000000068 /* UnavailableAssessmentDashboardRepository.swift */ = {isa = PBXFileReference; lastKnownFileType = sourcecode.swift; path = UnavailableAssessmentDashboardRepository.swift; sourceTree = "<group>"; };
		B00000000000000000000069 /* MockAssessmentDashboardRepository.swift */ = {isa = PBXFileReference; lastKnownFileType = sourcecode.swift; path = MockAssessmentDashboardRepository.swift; sourceTree = "<group>"; };
		B0000000000000000000006A /* AssessmentDashboardViewState.swift */ = {isa = PBXFileReference; lastKnownFileType = sourcecode.swift; path = AssessmentDashboardViewState.swift; sourceTree = "<group>"; };
		B0000000000000000000006B /* AssessmentDashboardViewModel.swift */ = {isa = PBXFileReference; lastKnownFileType = sourcecode.swift; path = AssessmentDashboardViewModel.swift; sourceTree = "<group>"; };
		B0000000000000000000006C /* RiskBandCard.swift */ = {isa = PBXFileReference; lastKnownFileType = sourcecode.swift; path = RiskBandCard.swift; sourceTree = "<group>"; };
		B0000000000000000000006D /* SafeBorrowingCard.swift */ = {isa = PBXFileReference; lastKnownFileType = sourcecode.swift; path = SafeBorrowingCard.swift; sourceTree = "<group>"; };
		B0000000000000000000006E /* DigitalTwinSummaryView.swift */ = {isa = PBXFileReference; lastKnownFileType = sourcecode.swift; path = DigitalTwinSummaryView.swift; sourceTree = "<group>"; };
		B0000000000000000000006F /* FinancialHealthPlanView.swift */ = {isa = PBXFileReference; lastKnownFileType = sourcecode.swift; path = FinancialHealthPlanView.swift; sourceTree = "<group>"; };
		B00000000000000000000070 /* AssessmentDashboardView.swift */ = {isa = PBXFileReference; lastKnownFileType = sourcecode.swift; path = AssessmentDashboardView.swift; sourceTree = "<group>"; };
		B00000000000000000000071 /* FinancingNeedViewModelTests.swift */ = {isa = PBXFileReference; lastKnownFileType = sourcecode.swift; path = FinancingNeedViewModelTests.swift; sourceTree = "<group>"; };
		B00000000000000000000072 /* AssessmentDashboardViewModelTests.swift */ = {isa = PBXFileReference; lastKnownFileType = sourcecode.swift; path = AssessmentDashboardViewModelTests.swift; sourceTree = "<group>"; };
		B00000000000000000000073 /* APIFinancingNeedRepository.swift */ = {isa = PBXFileReference; lastKnownFileType = sourcecode.swift; path = APIFinancingNeedRepository.swift; sourceTree = "<group>"; };
		B00000000000000000000074 /* APIAssessmentDashboardRepository.swift */ = {isa = PBXFileReference; lastKnownFileType = sourcecode.swift; path = APIAssessmentDashboardRepository.swift; sourceTree = "<group>"; };
		B00000000000000000000075 /* AssessmentDashboardDTOs.swift */ = {isa = PBXFileReference; lastKnownFileType = sourcecode.swift; path = AssessmentDashboardDTOs.swift; sourceTree = "<group>"; };
		B00000000000000000000076 /* AssessmentDashboardMapper.swift */ = {isa = PBXFileReference; lastKnownFileType = sourcecode.swift; path = AssessmentDashboardMapper.swift; sourceTree = "<group>"; };
		B00000000000000000000077 /* APIFinancingNeedRepositoryTests.swift */ = {isa = PBXFileReference; lastKnownFileType = sourcecode.swift; path = APIFinancingNeedRepositoryTests.swift; sourceTree = "<group>"; };
		B00000000000000000000078 /* APIAssessmentDashboardRepositoryTests.swift */ = {isa = PBXFileReference; lastKnownFileType = sourcecode.swift; path = APIAssessmentDashboardRepositoryTests.swift; sourceTree = "<group>"; };
		B00000000000000000000079 /* ShockAssessment.swift */ = {isa = PBXFileReference; lastKnownFileType = sourcecode.swift; path = ShockAssessment.swift; sourceTree = "<group>"; };
		B0000000000000000000007A /* ShockSimulationParameters.swift */ = {isa = PBXFileReference; lastKnownFileType = sourcecode.swift; path = ShockSimulationParameters.swift; sourceTree = "<group>"; };
		B0000000000000000000007B /* ShockRepository.swift */ = {isa = PBXFileReference; lastKnownFileType = sourcecode.swift; path = ShockRepository.swift; sourceTree = "<group>"; };
		B0000000000000000000007C /* ShockRepositoryError.swift */ = {isa = PBXFileReference; lastKnownFileType = sourcecode.swift; path = ShockRepositoryError.swift; sourceTree = "<group>"; };
		B0000000000000000000007D /* UnavailableShockRepository.swift */ = {isa = PBXFileReference; lastKnownFileType = sourcecode.swift; path = UnavailableShockRepository.swift; sourceTree = "<group>"; };
		B0000000000000000000007E /* MockShockRepository.swift */ = {isa = PBXFileReference; lastKnownFileType = sourcecode.swift; path = MockShockRepository.swift; sourceTree = "<group>"; };
		B0000000000000000000007F /* ShockViewState.swift */ = {isa = PBXFileReference; lastKnownFileType = sourcecode.swift; path = ShockViewState.swift; sourceTree = "<group>"; };
		B00000000000000000000080 /* ShockViewModel.swift */ = {isa = PBXFileReference; lastKnownFileType = sourcecode.swift; path = ShockViewModel.swift; sourceTree = "<group>"; };
		B00000000000000000000081 /* ShockResilienceCard.swift */ = {isa = PBXFileReference; lastKnownFileType = sourcecode.swift; path = ShockResilienceCard.swift; sourceTree = "<group>"; };
		B00000000000000000000082 /* ShockSlider.swift */ = {isa = PBXFileReference; lastKnownFileType = sourcecode.swift; path = ShockSlider.swift; sourceTree = "<group>"; };
		B00000000000000000000083 /* ShockProjectionChart.swift */ = {isa = PBXFileReference; lastKnownFileType = sourcecode.swift; path = ShockProjectionChart.swift; sourceTree = "<group>"; };
		B00000000000000000000084 /* ShockSimulationView.swift */ = {isa = PBXFileReference; lastKnownFileType = sourcecode.swift; path = ShockSimulationView.swift; sourceTree = "<group>"; };
		B00000000000000000000085 /* SafeOffer.swift */ = {isa = PBXFileReference; lastKnownFileType = sourcecode.swift; path = SafeOffer.swift; sourceTree = "<group>"; };
		B00000000000000000000086 /* OfferRepository.swift */ = {isa = PBXFileReference; lastKnownFileType = sourcecode.swift; path = OfferRepository.swift; sourceTree = "<group>"; };
		B00000000000000000000087 /* OfferRepositoryError.swift */ = {isa = PBXFileReference; lastKnownFileType = sourcecode.swift; path = OfferRepositoryError.swift; sourceTree = "<group>"; };
		B00000000000000000000088 /* UnavailableOfferRepository.swift */ = {isa = PBXFileReference; lastKnownFileType = sourcecode.swift; path = UnavailableOfferRepository.swift; sourceTree = "<group>"; };
		B00000000000000000000089 /* MockOfferRepository.swift */ = {isa = PBXFileReference; lastKnownFileType = sourcecode.swift; path = MockOfferRepository.swift; sourceTree = "<group>"; };
		B0000000000000000000008A /* OffersViewState.swift */ = {isa = PBXFileReference; lastKnownFileType = sourcecode.swift; path = OffersViewState.swift; sourceTree = "<group>"; };
		B0000000000000000000008B /* OffersViewModel.swift */ = {isa = PBXFileReference; lastKnownFileType = sourcecode.swift; path = OffersViewModel.swift; sourceTree = "<group>"; };
		B0000000000000000000008C /* OfferDetailViewState.swift */ = {isa = PBXFileReference; lastKnownFileType = sourcecode.swift; path = OfferDetailViewState.swift; sourceTree = "<group>"; };
		B0000000000000000000008D /* OfferDetailViewModel.swift */ = {isa = PBXFileReference; lastKnownFileType = sourcecode.swift; path = OfferDetailViewModel.swift; sourceTree = "<group>"; };
		B0000000000000000000008E /* OfferRow.swift */ = {isa = PBXFileReference; lastKnownFileType = sourcecode.swift; path = OfferRow.swift; sourceTree = "<group>"; };
		B0000000000000000000008F /* OffersListView.swift */ = {isa = PBXFileReference; lastKnownFileType = sourcecode.swift; path = OffersListView.swift; sourceTree = "<group>"; };
		B00000000000000000000090 /* OfferDetailView.swift */ = {isa = PBXFileReference; lastKnownFileType = sourcecode.swift; path = OfferDetailView.swift; sourceTree = "<group>"; };
		B00000000000000000000091 /* ShockViewModelTests.swift */ = {isa = PBXFileReference; lastKnownFileType = sourcecode.swift; path = ShockViewModelTests.swift; sourceTree = "<group>"; };
		B00000000000000000000092 /* OffersViewModelTests.swift */ = {isa = PBXFileReference; lastKnownFileType = sourcecode.swift; path = OffersViewModelTests.swift; sourceTree = "<group>"; };
		B00000000000000000000093 /* OfferDetailViewModelTests.swift */ = {isa = PBXFileReference; lastKnownFileType = sourcecode.swift; path = OfferDetailViewModelTests.swift; sourceTree = "<group>"; };
		B00000000000000000000100 /* CrediWise.app */ = {isa = PBXFileReference; explicitFileType = wrapper.application; includeInIndex = 0; path = CrediWise.app; sourceTree = BUILT_PRODUCTS_DIR; };
		B00000000000000000000101 /* CrediWiseTests.xctest */ = {isa = PBXFileReference; explicitFileType = wrapper.cfbundle; includeInIndex = 0; path = CrediWiseTests.xctest; sourceTree = BUILT_PRODUCTS_DIR; };
		B00000000000000000000102 /* CrediWiseUITests.xctest */ = {isa = PBXFileReference; explicitFileType = wrapper.cfbundle; includeInIndex = 0; path = CrediWiseUITests.xctest; sourceTree = BUILT_PRODUCTS_DIR; };
/* End PBXFileReference section */

/* Begin PBXFrameworksBuildPhase section */
		F00000000000000000000002 /* Frameworks */ = {isa = PBXFrameworksBuildPhase; buildActionMask = 2147483647; files = (); runOnlyForDeploymentPostprocessing = 0; };
		F00000000000000000000005 /* Frameworks */ = {isa = PBXFrameworksBuildPhase; buildActionMask = 2147483647; files = (); runOnlyForDeploymentPostprocessing = 0; };
		F00000000000000000000008 /* Frameworks */ = {isa = PBXFrameworksBuildPhase; buildActionMask = 2147483647; files = (); runOnlyForDeploymentPostprocessing = 0; };
/* End PBXFrameworksBuildPhase section */

/* Begin PBXGroup section */
		D00000000000000000000001 = {
			isa = PBXGroup;
			children = (
				D00000000000000000000002 /* CrediWise */,
				D0000000000000000000000E /* CrediWiseTests */,
				D00000000000000000000010 /* CrediWiseUITests */,
				D00000000000000000000012 /* Products */,
			);
			sourceTree = "<group>";
		};
		D00000000000000000000002 /* CrediWise */ = {
			isa = PBXGroup;
			children = (
				D00000000000000000000003 /* App */,
				D00000000000000000000004 /* Core */,
				D0000000000000000000000A /* Features */,
				D0000000000000000000000D /* Resources */,
			);
			path = CrediWise;
			sourceTree = "<group>";
		};
		D00000000000000000000003 /* App */ = {
			isa = PBXGroup;
			children = (
				B00000000000000000000002 /* AppContainer.swift */,
				B00000000000000000000003 /* AppCoordinator.swift */,
				B00000000000000000000004 /* AppRoute.swift */,
				B00000000000000000000005 /* AppRootView.swift */,
				B00000000000000000000001 /* CrediWiseApp.swift */,
			);
			path = App;
			sourceTree = "<group>";
		};
		D00000000000000000000004 /* Core */ = {
			isa = PBXGroup;
			children = (
				D00000000000000000000013 /* Auth */,
				D00000000000000000000005 /* DesignSystem */,
				D00000000000000000000014 /* Networking */,
				D00000000000000000000009 /* Utils */,
			);
			path = Core;
			sourceTree = "<group>";
		};
		D00000000000000000000005 /* DesignSystem */ = {
			isa = PBXGroup;
			children = (
				D00000000000000000000006 /* Tokens */,
				D00000000000000000000007 /* Components */,
			);
			path = DesignSystem;
			sourceTree = "<group>";
		};
		D00000000000000000000006 /* Tokens */ = {
			isa = PBXGroup;
			children = (
				B00000000000000000000006 /* CrediWiseColors.swift */,
				B00000000000000000000008 /* RadiusTokens.swift */,
				B00000000000000000000007 /* SpacingTokens.swift */,
				B00000000000000000000009 /* TypographyTokens.swift */,
			);
			path = Tokens;
			sourceTree = "<group>";
		};
		D00000000000000000000007 /* Components */ = {
			isa = PBXGroup;
			children = (
				B0000000000000000000000A /* CTAButton.swift */,
				B0000000000000000000000C /* DisclaimerFooter.swift */,
				B0000000000000000000000B /* PrimaryButton.swift */,
			);
			path = Components;
			sourceTree = "<group>";
		};
		D00000000000000000000009 /* Utils */ = {
			isa = PBXGroup;
			children = (
				B0000000000000000000004C /* IDRFormatter.swift */,
				B0000000000000000000000D /* PositioningStrings.swift */,
			);
			path = Utils;
			sourceTree = "<group>";
		};
		D0000000000000000000000A /* Features */ = {
			isa = PBXGroup;
			children = (
				D0000000000000000000001F /* Dashboard */,
				D00000000000000000000024 /* FinancingNeed */,
				D00000000000000000000031 /* Offers */,
				D0000000000000000000000B /* Onboarding */,
				D0000000000000000000002C /* Shocks */,
				D00000000000000000000019 /* Upload */,
			);
			path = Features;
			sourceTree = "<group>";
		};
		D0000000000000000000000B /* Onboarding */ = {
			isa = PBXGroup;
			children = (
				D00000000000000000000015 /* Repositories */,
				D00000000000000000000016 /* ViewModels */,
				D0000000000000000000000C /* Views */,
			);
			path = Onboarding;
			sourceTree = "<group>";
		};
		D0000000000000000000000C /* Views */ = {
			isa = PBXGroup;
			children = (
				B00000000000000000000016 /* AuthenticatedHomeView.swift */,
				B0000000000000000000000F /* AuthenticationView.swift */,
				B0000000000000000000000E /* WelcomeView.swift */,
			);
			path = Views;
			sourceTree = "<group>";
		};
		D0000000000000000000000D /* Resources */ = {
			isa = PBXGroup;
			children = (
				B00000000000000000000010 /* Assets.xcassets */,
				C00000000000000000000001 /* Localizable.strings */,
			);
			path = Resources;
			sourceTree = "<group>";
		};
		D0000000000000000000000E /* CrediWiseTests */ = {
			isa = PBXGroup;
			children = (
				D00000000000000000000017 /* Auth */,
				D00000000000000000000018 /* Networking */,
				D00000000000000000000023 /* Utils Tests */,
				D0000000000000000000000F /* Features */,
				D00000000000000000000022 /* Dashboard Tests */,
				D0000000000000000000002B /* FinancingNeed Tests */,
				D00000000000000000000037 /* Offers Tests */,
				D00000000000000000000036 /* Shocks Tests */,
				D0000000000000000000001E /* Upload Tests */,
			);
			path = CrediWiseTests;
			sourceTree = "<group>";
		};
		D0000000000000000000000F /* Features */ = {
			isa = PBXGroup;
			children = (
				B0000000000000000000002C /* APIAuthenticationRepositoryTests.swift */,
				B00000000000000000000012 /* AppCoordinatorTests.swift */,
				B00000000000000000000029 /* AuthenticationViewModelTests.swift */,
			);
			path = Features/Onboarding;
			sourceTree = "<group>";
		};
		D00000000000000000000010 /* CrediWiseUITests */ = {
			isa = PBXGroup;
			children = (D00000000000000000000011 /* Flows */);
			path = CrediWiseUITests;
			sourceTree = "<group>";
		};
		D00000000000000000000011 /* Flows */ = {
			isa = PBXGroup;
			children = (B00000000000000000000013 /* WelcomeFlowUITests.swift */);
			path = Flows;
			sourceTree = "<group>";
		};
		D00000000000000000000012 /* Products */ = {
			isa = PBXGroup;
			children = (
				B00000000000000000000100 /* CrediWise.app */,
				B00000000000000000000101 /* CrediWiseTests.xctest */,
				B00000000000000000000102 /* CrediWiseUITests.xctest */,
			);
			name = Products;
			sourceTree = "<group>";
		};
		D00000000000000000000013 /* Auth */ = {
			isa = PBXGroup;
			children = (
				B0000000000000000000001A /* KeychainTokenStore.swift */,
				B0000000000000000000001D /* SessionManager.swift */,
				B0000000000000000000001C /* SessionState.swift */,
				B00000000000000000000017 /* SessionTokens.swift */,
				B00000000000000000000018 /* TokenStore.swift */,
				B00000000000000000000019 /* TokenStoreError.swift */,
				B0000000000000000000001B /* VolatileTokenStore.swift */,
			);
			path = Auth;
			sourceTree = "<group>";
		};
		D00000000000000000000014 /* Networking */ = {
			isa = PBXGroup;
			children = (
				B0000000000000000000001F /* AuthInterceptor.swift */,
				B0000000000000000000001E /* AuthInterceptorError.swift */,
			);
			path = Networking;
			sourceTree = "<group>";
		};
		D00000000000000000000015 /* Repositories */ = {
			isa = PBXGroup;
			children = (
				B0000000000000000000002B /* APIAuthenticationRepository.swift */,
				B00000000000000000000020 /* AuthenticationRepository.swift */,
				B00000000000000000000021 /* AuthenticationRepositoryError.swift */,
				B00000000000000000000022 /* MockAuthenticationRepository.swift */,
				B0000000000000000000002A /* UnavailableAuthenticationRepository.swift */,
			);
			path = Repositories;
			sourceTree = "<group>";
		};
		D00000000000000000000016 /* ViewModels */ = {
			isa = PBXGroup;
			children = (
				B00000000000000000000023 /* AuthenticationMode.swift */,
				B00000000000000000000024 /* AuthenticationOutcome.swift */,
				B00000000000000000000025 /* AuthenticationViewState.swift */,
				B00000000000000000000026 /* AuthenticationViewModel.swift */,
			);
			path = ViewModels;
			sourceTree = "<group>";
		};
		D00000000000000000000017 /* Auth */ = {
			isa = PBXGroup;
			children = (B00000000000000000000027 /* SessionManagerTests.swift */);
			path = Core/Auth;
			sourceTree = "<group>";
		};
		D00000000000000000000018 /* Networking */ = {
			isa = PBXGroup;
			children = (B00000000000000000000028 /* AuthInterceptorTests.swift */);
			path = Core/Networking;
			sourceTree = "<group>";
		};
		D00000000000000000000019 /* Upload */ = {
			isa = PBXGroup;
			children = (
				D0000000000000000000001A /* Models */,
				D0000000000000000000001B /* Repositories */,
				D0000000000000000000001C /* ViewModels */,
				D0000000000000000000001D /* Views */,
			);
			path = Upload;
			sourceTree = "<group>";
		};
		D0000000000000000000001A /* Models */ = {
			isa = PBXGroup;
			children = (
				B0000000000000000000002E /* DocumentProcessingStatus.swift */,
				B00000000000000000000043 /* DocumentSourceType.swift */,
				B00000000000000000000030 /* DocumentStatusSnapshot.swift */,
				B0000000000000000000002F /* DocumentUploadReceipt.swift */,
				B00000000000000000000046 /* ExtractionReview.swift */,
				B0000000000000000000002D /* SelectedUploadFile.swift */,
			);
			path = Models;
			sourceTree = "<group>";
		};
		D0000000000000000000001B /* Repositories */ = {
			isa = PBXGroup;
			children = (
				B0000000000000000000005A /* APIDocumentVerificationRepository.swift */,
				B00000000000000000000041 /* APIDocumentUploadRepository.swift */,
				B00000000000000000000059 /* DocumentVerificationDTOs.swift */,
				B0000000000000000000005C /* DocumentVerificationMapper.swift */,
				B00000000000000000000048 /* DocumentVerificationRepository.swift */,
				B00000000000000000000049 /* DocumentVerificationRepositoryError.swift */,
				B00000000000000000000031 /* DocumentUploadRepository.swift */,
				B00000000000000000000032 /* DocumentUploadRepositoryError.swift */,
				B0000000000000000000004B /* MockDocumentVerificationRepository.swift */,
				B00000000000000000000033 /* MockDocumentUploadRepository.swift */,
				B0000000000000000000004A /* UnavailableVerificationRepository.swift */,
				B00000000000000000000034 /* UnavailableDocumentUploadRepository.swift */,
			);
			path = Repositories;
			sourceTree = "<group>";
		};
		D0000000000000000000001C /* ViewModels */ = {
			isa = PBXGroup;
			children = (
				B00000000000000000000037 /* DocumentUploadPollingPolicy.swift */,
				B0000000000000000000004E /* ExtractionReviewViewModel.swift */,
				B0000000000000000000004D /* ExtractionReviewViewState.swift */,
				B00000000000000000000035 /* UploadFileValidationError.swift */,
				B00000000000000000000036 /* UploadFileValidator.swift */,
				B00000000000000000000038 /* UploadViewState.swift */,
				B00000000000000000000039 /* UploadViewModel.swift */,
			);
			path = ViewModels;
			sourceTree = "<group>";
		};
		D0000000000000000000001D /* Views */ = {
			isa = PBXGroup;
			children = (
				B00000000000000000000052 /* ExtractionReviewView.swift */,
				B00000000000000000000051 /* ExtractionTransactionCard.swift */,
				B0000000000000000000003A /* ProcessingChecklist.swift */,
				B0000000000000000000003F /* UploadFileCard.swift */,
				B00000000000000000000044 /* UploadPasswordCard.swift */,
				B00000000000000000000040 /* UploadResultCard.swift */,
				B00000000000000000000045 /* UploadSourcePickerCard.swift */,
				B0000000000000000000003B /* UploadView.swift */,
			);
			path = Views;
			sourceTree = "<group>";
		};
		D0000000000000000000001E /* Upload Tests */ = {
			isa = PBXGroup;
			children = (
				B0000000000000000000005B /* APIDocumentVerificationRepositoryTests.swift */,
				B00000000000000000000042 /* APIDocumentUploadRepositoryTests.swift */,
				B0000000000000000000003D /* DocumentUploadPollingPolicyTests.swift */,
				B00000000000000000000056 /* ExtractionReviewViewModelTests.swift */,
				B0000000000000000000003C /* UploadFileValidatorTests.swift */,
				B0000000000000000000003E /* UploadViewModelTests.swift */,
			);
			path = Features/Upload;
			sourceTree = "<group>";
		};
		D0000000000000000000001F /* Dashboard */ = {
			isa = PBXGroup;
			children = (
				D00000000000000000000029 /* Models */,
				D0000000000000000000002A /* Repositories */,
				D00000000000000000000020 /* ViewModels */,
				D00000000000000000000021 /* Views */,
			);
			path = Dashboard;
			sourceTree = "<group>";
		};
		D00000000000000000000020 /* ViewModels */ = {
			isa = PBXGroup;
			children = (
				B0000000000000000000006B /* AssessmentDashboardViewModel.swift */,
				B0000000000000000000006A /* AssessmentDashboardViewState.swift */,
				B00000000000000000000047 /* DataConfidenceReport.swift */,
				B00000000000000000000050 /* DataConfidenceViewModel.swift */,
				B0000000000000000000004F /* DataConfidenceViewState.swift */,
			);
			path = ViewModels;
			sourceTree = "<group>";
		};
		D00000000000000000000021 /* Views */ = {
			isa = PBXGroup;
			children = (
				B00000000000000000000070 /* AssessmentDashboardView.swift */,
				B00000000000000000000053 /* DataConfidenceCard.swift */,
				B00000000000000000000054 /* DataConfidenceDetailView.swift */,
				B00000000000000000000055 /* DataConfidenceView.swift */,
				B0000000000000000000006E /* DigitalTwinSummaryView.swift */,
				B0000000000000000000006F /* FinancialHealthPlanView.swift */,
				B0000000000000000000006C /* RiskBandCard.swift */,
				B0000000000000000000006D /* SafeBorrowingCard.swift */,
			);
			path = Views;
			sourceTree = "<group>";
		};
		D00000000000000000000022 /* Dashboard Tests */ = {
			isa = PBXGroup;
			children = (
				B00000000000000000000078 /* APIAssessmentDashboardRepositoryTests.swift */,
				B00000000000000000000072 /* AssessmentDashboardViewModelTests.swift */,
				B00000000000000000000057 /* DataConfidenceViewModelTests.swift */,
			);
			path = Features/Dashboard;
			sourceTree = "<group>";
		};
		D00000000000000000000023 /* Utils Tests */ = {
			isa = PBXGroup;
			children = (B00000000000000000000058 /* IDRFormatterTests.swift */);
			path = Core/Utils;
			sourceTree = "<group>";
		};
		D00000000000000000000024 /* FinancingNeed */ = {
			isa = PBXGroup;
			children = (
				D00000000000000000000025 /* Models */,
				D00000000000000000000026 /* Repositories */,
				D00000000000000000000027 /* ViewModels */,
				D00000000000000000000028 /* Views */,
			);
			path = FinancingNeed;
			sourceTree = "<group>";
		};
		D00000000000000000000025 /* Models */ = {
			isa = PBXGroup;
			children = (B0000000000000000000005D /* FinancingNeed.swift */);
			path = Models;
			sourceTree = "<group>";
		};
		D00000000000000000000026 /* Repositories */ = {
			isa = PBXGroup;
			children = (
				B00000000000000000000073 /* APIFinancingNeedRepository.swift */,
				B0000000000000000000005E /* FinancingNeedRepository.swift */,
				B0000000000000000000005F /* FinancingNeedRepositoryError.swift */,
				B00000000000000000000060 /* MockFinancingNeedRepository.swift */,
				B00000000000000000000061 /* UnavailableFinancingNeedRepository.swift */,
			);
			path = Repositories;
			sourceTree = "<group>";
		};
		D00000000000000000000027 /* ViewModels */ = {
			isa = PBXGroup;
			children = (
				B00000000000000000000063 /* FinancingNeedViewModel.swift */,
				B00000000000000000000062 /* FinancingNeedViewState.swift */,
			);
			path = ViewModels;
			sourceTree = "<group>";
		};
		D00000000000000000000028 /* Views */ = {
			isa = PBXGroup;
			children = (B00000000000000000000064 /* FinancingNeedView.swift */);
			path = Views;
			sourceTree = "<group>";
		};
		D00000000000000000000029 /* Models */ = {
			isa = PBXGroup;
			children = (B00000000000000000000065 /* AssessmentDashboard.swift */);
			path = Models;
			sourceTree = "<group>";
		};
		D0000000000000000000002A /* Repositories */ = {
			isa = PBXGroup;
			children = (
				B00000000000000000000074 /* APIAssessmentDashboardRepository.swift */,
				B00000000000000000000066 /* AssessmentDashboardRepository.swift */,
				B00000000000000000000075 /* AssessmentDashboardDTOs.swift */,
				B00000000000000000000076 /* AssessmentDashboardMapper.swift */,
				B00000000000000000000067 /* AssessmentDashboardRepositoryError.swift */,
				B00000000000000000000069 /* MockAssessmentDashboardRepository.swift */,
				B00000000000000000000068 /* UnavailableAssessmentDashboardRepository.swift */,
			);
			path = Repositories;
			sourceTree = "<group>";
		};
		D0000000000000000000002B /* FinancingNeed Tests */ = {
			isa = PBXGroup;
			children = (
				B00000000000000000000077 /* APIFinancingNeedRepositoryTests.swift */,
				B00000000000000000000071 /* FinancingNeedViewModelTests.swift */,
			);
			path = Features/FinancingNeed;
			sourceTree = "<group>";
		};
		D0000000000000000000002C /* Shocks */ = {
			isa = PBXGroup;
			children = (
				D0000000000000000000002D /* Models */,
				D0000000000000000000002E /* Repositories */,
				D0000000000000000000002F /* ViewModels */,
				D00000000000000000000030 /* Views */,
			);
			path = Shocks;
			sourceTree = "<group>";
		};
		D0000000000000000000002D /* Models */ = {
			isa = PBXGroup;
			children = (
				B00000000000000000000079 /* ShockAssessment.swift */,
				B0000000000000000000007A /* ShockSimulationParameters.swift */,
			);
			path = Models;
			sourceTree = "<group>";
		};
		D0000000000000000000002E /* Repositories */ = {
			isa = PBXGroup;
			children = (
				B0000000000000000000007E /* MockShockRepository.swift */,
				B0000000000000000000007B /* ShockRepository.swift */,
				B0000000000000000000007C /* ShockRepositoryError.swift */,
				B0000000000000000000007D /* UnavailableShockRepository.swift */,
			);
			path = Repositories;
			sourceTree = "<group>";
		};
		D0000000000000000000002F /* ViewModels */ = {
			isa = PBXGroup;
			children = (
				B00000000000000000000080 /* ShockViewModel.swift */,
				B0000000000000000000007F /* ShockViewState.swift */,
			);
			path = ViewModels;
			sourceTree = "<group>";
		};
		D00000000000000000000030 /* Views */ = {
			isa = PBXGroup;
			children = (
				B00000000000000000000083 /* ShockProjectionChart.swift */,
				B00000000000000000000081 /* ShockResilienceCard.swift */,
				B00000000000000000000084 /* ShockSimulationView.swift */,
				B00000000000000000000082 /* ShockSlider.swift */,
			);
			path = Views;
			sourceTree = "<group>";
		};
		D00000000000000000000031 /* Offers */ = {
			isa = PBXGroup;
			children = (
				D00000000000000000000032 /* Models */,
				D00000000000000000000033 /* Repositories */,
				D00000000000000000000034 /* ViewModels */,
				D00000000000000000000035 /* Views */,
			);
			path = Offers;
			sourceTree = "<group>";
		};
		D00000000000000000000032 /* Models */ = {
			isa = PBXGroup;
			children = (B00000000000000000000085 /* SafeOffer.swift */);
			path = Models;
			sourceTree = "<group>";
		};
		D00000000000000000000033 /* Repositories */ = {
			isa = PBXGroup;
			children = (
				B00000000000000000000089 /* MockOfferRepository.swift */,
				B00000000000000000000086 /* OfferRepository.swift */,
				B00000000000000000000087 /* OfferRepositoryError.swift */,
				B00000000000000000000088 /* UnavailableOfferRepository.swift */,
			);
			path = Repositories;
			sourceTree = "<group>";
		};
		D00000000000000000000034 /* ViewModels */ = {
			isa = PBXGroup;
			children = (
				B0000000000000000000008D /* OfferDetailViewModel.swift */,
				B0000000000000000000008C /* OfferDetailViewState.swift */,
				B0000000000000000000008B /* OffersViewModel.swift */,
				B0000000000000000000008A /* OffersViewState.swift */,
			);
			path = ViewModels;
			sourceTree = "<group>";
		};
		D00000000000000000000035 /* Views */ = {
			isa = PBXGroup;
			children = (
				B00000000000000000000090 /* OfferDetailView.swift */,
				B0000000000000000000008E /* OfferRow.swift */,
				B0000000000000000000008F /* OffersListView.swift */,
			);
			path = Views;
			sourceTree = "<group>";
		};
		D00000000000000000000036 /* Shocks Tests */ = {
			isa = PBXGroup;
			children = (B00000000000000000000091 /* ShockViewModelTests.swift */);
			path = Features/Shocks;
			sourceTree = "<group>";
		};
		D00000000000000000000037 /* Offers Tests */ = {
			isa = PBXGroup;
			children = (
				B00000000000000000000093 /* OfferDetailViewModelTests.swift */,
				B00000000000000000000092 /* OffersViewModelTests.swift */,
			);
			path = Features/Offers;
			sourceTree = "<group>";
		};
/* End PBXGroup section */

/* Begin PBXNativeTarget section */
		E00000000000000000000001 /* CrediWise */ = {
			isa = PBXNativeTarget;
			buildConfigurationList = I00000000000000000000002 /* Build configuration list for PBXNativeTarget "CrediWise" */;
			buildPhases = (
				F0000000000000000000000A /* Positioning Copy Lint */,
				F00000000000000000000001 /* Sources */,
				F00000000000000000000002 /* Frameworks */,
				F00000000000000000000003 /* Resources */,
			);
			buildRules = ();
			dependencies = ();
			name = CrediWise;
			productName = CrediWise;
			productReference = B00000000000000000000100 /* CrediWise.app */;
			productType = "com.apple.product-type.application";
		};
		E00000000000000000000002 /* CrediWiseTests */ = {
			isa = PBXNativeTarget;
			buildConfigurationList = I00000000000000000000003 /* Build configuration list for PBXNativeTarget "CrediWiseTests" */;
			buildPhases = (
				F00000000000000000000004 /* Sources */,
				F00000000000000000000005 /* Frameworks */,
				F00000000000000000000006 /* Resources */,
			);
			buildRules = ();
			dependencies = (G00000000000000000000001 /* PBXTargetDependency */);
			name = CrediWiseTests;
			productName = CrediWiseTests;
			productReference = B00000000000000000000101 /* CrediWiseTests.xctest */;
			productType = "com.apple.product-type.bundle.unit-test";
		};
		E00000000000000000000003 /* CrediWiseUITests */ = {
			isa = PBXNativeTarget;
			buildConfigurationList = I00000000000000000000004 /* Build configuration list for PBXNativeTarget "CrediWiseUITests" */;
			buildPhases = (
				F00000000000000000000007 /* Sources */,
				F00000000000000000000008 /* Frameworks */,
				F00000000000000000000009 /* Resources */,
			);
			buildRules = ();
			dependencies = (G00000000000000000000002 /* PBXTargetDependency */);
			name = CrediWiseUITests;
			productName = CrediWiseUITests;
			productReference = B00000000000000000000102 /* CrediWiseUITests.xctest */;
			productType = "com.apple.product-type.bundle.ui-testing";
		};
/* End PBXNativeTarget section */

/* Begin PBXProject section */
		J00000000000000000000001 /* Project object */ = {
			isa = PBXProject;
			attributes = {
				BuildIndependentTargetsInParallel = 1;
				LastSwiftUpdateCheck = 1500;
				LastUpgradeCheck = 1500;
				TargetAttributes = {
					E00000000000000000000001 = {CreatedOnToolsVersion = 15.0; };
					E00000000000000000000002 = {CreatedOnToolsVersion = 15.0; TestTargetID = E00000000000000000000001; };
					E00000000000000000000003 = {CreatedOnToolsVersion = 15.0; TestTargetID = E00000000000000000000001; };
				};
			};
			buildConfigurationList = I00000000000000000000001 /* Build configuration list for PBXProject "CrediWise" */;
			compatibilityVersion = "Xcode 14.0";
			developmentRegion = en;
			hasScannedForEncodings = 0;
			knownRegions = (id, en, Base);
			mainGroup = D00000000000000000000001;
			productRefGroup = D00000000000000000000012 /* Products */;
			projectDirPath = "";
			projectRoot = "";
			targets = (
				E00000000000000000000001 /* CrediWise */,
				E00000000000000000000002 /* CrediWiseTests */,
				E00000000000000000000003 /* CrediWiseUITests */,
			);
		};
/* End PBXProject section */

/* Begin PBXResourcesBuildPhase section */
		F00000000000000000000003 /* Resources */ = {
			isa = PBXResourcesBuildPhase;
			buildActionMask = 2147483647;
			files = (
				A00000000000000000000010 /* Assets.xcassets in Resources */,
				A00000000000000000000011 /* Localizable.strings in Resources */,
			);
			runOnlyForDeploymentPostprocessing = 0;
		};
		F00000000000000000000006 /* Resources */ = {isa = PBXResourcesBuildPhase; buildActionMask = 2147483647; files = (); runOnlyForDeploymentPostprocessing = 0; };
		F00000000000000000000009 /* Resources */ = {isa = PBXResourcesBuildPhase; buildActionMask = 2147483647; files = (); runOnlyForDeploymentPostprocessing = 0; };
/* End PBXResourcesBuildPhase section */

/* Begin PBXShellScriptBuildPhase section */
		F0000000000000000000000A /* Positioning Copy Lint */ = {
			isa = PBXShellScriptBuildPhase;
			alwaysOutOfDate = 1;
			buildActionMask = 2147483647;
			files = ();
			inputFileListPaths = ();
			inputPaths = (
				"$(SRCROOT)/scripts/lint-positioning-copy.sh",
				"$(SRCROOT)/CrediWise/Resources/en.lproj/Localizable.strings",
				"$(SRCROOT)/CrediWise/Resources/id.lproj/Localizable.strings",
			);
			name = "Positioning Copy Lint";
			outputFileListPaths = ();
			outputPaths = ();
			runOnlyForDeploymentPostprocessing = 0;
			shellPath = /bin/sh;
			shellScript = "\"$SRCROOT/scripts/lint-positioning-copy.sh\"\n";
		};
/* End PBXShellScriptBuildPhase section */

/* Begin PBXSourcesBuildPhase section */
		F00000000000000000000001 /* Sources */ = {
			isa = PBXSourcesBuildPhase;
			buildActionMask = 2147483647;
			files = (
				A00000000000000000000002 /* AppContainer.swift in Sources */,
				A00000000000000000000003 /* AppCoordinator.swift in Sources */,
				A00000000000000000000004 /* AppRoute.swift in Sources */,
				A00000000000000000000005 /* AppRootView.swift in Sources */,
				A00000000000000000000014 /* AuthenticatedHomeView.swift in Sources */,
				A0000000000000000000001D /* AuthInterceptor.swift in Sources */,
				A0000000000000000000001C /* AuthInterceptorError.swift in Sources */,
				A0000000000000000000000F /* AuthenticationView.swift in Sources */,
				A00000000000000000000029 /* APIAuthenticationRepository.swift in Sources */,
				A00000000000000000000021 /* AuthenticationMode.swift in Sources */,
				A00000000000000000000022 /* AuthenticationOutcome.swift in Sources */,
				A0000000000000000000001E /* AuthenticationRepository.swift in Sources */,
				A0000000000000000000001F /* AuthenticationRepositoryError.swift in Sources */,
				A00000000000000000000024 /* AuthenticationViewModel.swift in Sources */,
				A00000000000000000000023 /* AuthenticationViewState.swift in Sources */,
				A0000000000000000000000A /* CTAButton.swift in Sources */,
				A00000000000000000000006 /* CrediWiseColors.swift in Sources */,
				A00000000000000000000001 /* CrediWiseApp.swift in Sources */,
				A0000000000000000000000C /* DisclaimerFooter.swift in Sources */,
				A0000000000000000000000D /* PositioningStrings.swift in Sources */,
				A0000000000000000000000B /* PrimaryButton.swift in Sources */,
				A00000000000000000000008 /* RadiusTokens.swift in Sources */,
				A0000000000000000000001B /* SessionManager.swift in Sources */,
				A0000000000000000000001A /* SessionState.swift in Sources */,
				A00000000000000000000015 /* SessionTokens.swift in Sources */,
				A00000000000000000000007 /* SpacingTokens.swift in Sources */,
				A00000000000000000000018 /* KeychainTokenStore.swift in Sources */,
				A00000000000000000000020 /* MockAuthenticationRepository.swift in Sources */,
				A00000000000000000000016 /* TokenStore.swift in Sources */,
				A00000000000000000000017 /* TokenStoreError.swift in Sources */,
				A00000000000000000000009 /* TypographyTokens.swift in Sources */,
				A00000000000000000000028 /* UnavailableAuthenticationRepository.swift in Sources */,
				A00000000000000000000019 /* VolatileTokenStore.swift in Sources */,
				A0000000000000000000000E /* WelcomeView.swift in Sources */,
				A0000000000000000000002B /* SelectedUploadFile.swift in Sources */,
				A0000000000000000000002C /* DocumentProcessingStatus.swift in Sources */,
				A0000000000000000000002D /* DocumentUploadReceipt.swift in Sources */,
				A0000000000000000000002E /* DocumentStatusSnapshot.swift in Sources */,
				A0000000000000000000002F /* DocumentUploadRepository.swift in Sources */,
				A00000000000000000000030 /* DocumentUploadRepositoryError.swift in Sources */,
				A00000000000000000000031 /* MockDocumentUploadRepository.swift in Sources */,
				A00000000000000000000032 /* UnavailableDocumentUploadRepository.swift in Sources */,
				A00000000000000000000033 /* UploadFileValidationError.swift in Sources */,
				A00000000000000000000034 /* UploadFileValidator.swift in Sources */,
				A00000000000000000000035 /* DocumentUploadPollingPolicy.swift in Sources */,
				A00000000000000000000036 /* UploadViewState.swift in Sources */,
				A00000000000000000000037 /* UploadViewModel.swift in Sources */,
				A00000000000000000000038 /* ProcessingChecklist.swift in Sources */,
				A00000000000000000000039 /* UploadView.swift in Sources */,
				A0000000000000000000003D /* UploadFileCard.swift in Sources */,
				A0000000000000000000003E /* UploadResultCard.swift in Sources */,
				A0000000000000000000003F /* APIDocumentUploadRepository.swift in Sources */,
				A00000000000000000000041 /* DocumentSourceType.swift in Sources */,
				A00000000000000000000042 /* UploadPasswordCard.swift in Sources */,
				A00000000000000000000043 /* UploadSourcePickerCard.swift in Sources */,
				A00000000000000000000044 /* ExtractionReview.swift in Sources */,
				A00000000000000000000045 /* DataConfidenceReport.swift in Sources */,
				A00000000000000000000046 /* DocumentVerificationRepository.swift in Sources */,
				A00000000000000000000047 /* DocumentVerificationRepositoryError.swift in Sources */,
				A00000000000000000000048 /* UnavailableVerificationRepository.swift in Sources */,
				A00000000000000000000049 /* MockDocumentVerificationRepository.swift in Sources */,
				A0000000000000000000004A /* IDRFormatter.swift in Sources */,
				A0000000000000000000004B /* ExtractionReviewViewState.swift in Sources */,
				A0000000000000000000004C /* ExtractionReviewViewModel.swift in Sources */,
				A0000000000000000000004D /* DataConfidenceViewState.swift in Sources */,
				A0000000000000000000004E /* DataConfidenceViewModel.swift in Sources */,
				A0000000000000000000004F /* ExtractionTransactionCard.swift in Sources */,
				A00000000000000000000050 /* ExtractionReviewView.swift in Sources */,
				A00000000000000000000051 /* DataConfidenceCard.swift in Sources */,
				A00000000000000000000052 /* DataConfidenceDetailView.swift in Sources */,
				A00000000000000000000053 /* DataConfidenceView.swift in Sources */,
				A00000000000000000000057 /* DocumentVerificationDTOs.swift in Sources */,
				A00000000000000000000058 /* APIDocumentVerificationRepository.swift in Sources */,
				A0000000000000000000005A /* DocumentVerificationMapper.swift in Sources */,
				A0000000000000000000005B /* FinancingNeed.swift in Sources */,
				A0000000000000000000005C /* FinancingNeedRepository.swift in Sources */,
				A0000000000000000000005D /* FinancingNeedRepositoryError.swift in Sources */,
				A0000000000000000000005E /* MockFinancingNeedRepository.swift in Sources */,
				A0000000000000000000005F /* UnavailableFinancingNeedRepository.swift in Sources */,
				A00000000000000000000060 /* FinancingNeedViewState.swift in Sources */,
				A00000000000000000000061 /* FinancingNeedViewModel.swift in Sources */,
				A00000000000000000000062 /* FinancingNeedView.swift in Sources */,
				A00000000000000000000063 /* AssessmentDashboard.swift in Sources */,
				A00000000000000000000064 /* AssessmentDashboardRepository.swift in Sources */,
				A00000000000000000000065 /* AssessmentDashboardRepositoryError.swift in Sources */,
				A00000000000000000000066 /* UnavailableAssessmentDashboardRepository.swift in Sources */,
				A00000000000000000000067 /* MockAssessmentDashboardRepository.swift in Sources */,
				A00000000000000000000068 /* AssessmentDashboardViewState.swift in Sources */,
				A00000000000000000000069 /* AssessmentDashboardViewModel.swift in Sources */,
				A0000000000000000000006A /* RiskBandCard.swift in Sources */,
				A0000000000000000000006B /* SafeBorrowingCard.swift in Sources */,
				A0000000000000000000006C /* DigitalTwinSummaryView.swift in Sources */,
				A0000000000000000000006D /* FinancialHealthPlanView.swift in Sources */,
				A0000000000000000000006E /* AssessmentDashboardView.swift in Sources */,
				A00000000000000000000071 /* APIFinancingNeedRepository.swift in Sources */,
				A00000000000000000000072 /* APIAssessmentDashboardRepository.swift in Sources */,
				A00000000000000000000073 /* AssessmentDashboardDTOs.swift in Sources */,
				A00000000000000000000074 /* AssessmentDashboardMapper.swift in Sources */,
				A00000000000000000000077 /* ShockAssessment.swift in Sources */,
				A00000000000000000000078 /* ShockSimulationParameters.swift in Sources */,
				A00000000000000000000079 /* ShockRepository.swift in Sources */,
				A0000000000000000000007A /* ShockRepositoryError.swift in Sources */,
				A0000000000000000000007B /* UnavailableShockRepository.swift in Sources */,
				A0000000000000000000007C /* MockShockRepository.swift in Sources */,
				A0000000000000000000007D /* ShockViewState.swift in Sources */,
				A0000000000000000000007E /* ShockViewModel.swift in Sources */,
				A0000000000000000000007F /* ShockResilienceCard.swift in Sources */,
				A00000000000000000000080 /* ShockSlider.swift in Sources */,
				A00000000000000000000081 /* ShockProjectionChart.swift in Sources */,
				A00000000000000000000082 /* ShockSimulationView.swift in Sources */,
				A00000000000000000000083 /* SafeOffer.swift in Sources */,
				A00000000000000000000084 /* OfferRepository.swift in Sources */,
				A00000000000000000000085 /* OfferRepositoryError.swift in Sources */,
				A00000000000000000000086 /* UnavailableOfferRepository.swift in Sources */,
				A00000000000000000000087 /* MockOfferRepository.swift in Sources */,
				A00000000000000000000088 /* OffersViewState.swift in Sources */,
				A00000000000000000000089 /* OffersViewModel.swift in Sources */,
				A0000000000000000000008A /* OfferDetailViewState.swift in Sources */,
				A0000000000000000000008B /* OfferDetailViewModel.swift in Sources */,
				A0000000000000000000008C /* OfferRow.swift in Sources */,
				A0000000000000000000008D /* OffersListView.swift in Sources */,
				A0000000000000000000008E /* OfferDetailView.swift in Sources */,
			);
			runOnlyForDeploymentPostprocessing = 0;
		};
		F00000000000000000000004 /* Sources */ = {isa = PBXSourcesBuildPhase; buildActionMask = 2147483647; files = (A0000000000000000000002A /* APIAuthenticationRepositoryTests.swift in Sources */, A00000000000000000000076 /* APIAssessmentDashboardRepositoryTests.swift in Sources */, A00000000000000000000059 /* APIDocumentVerificationRepositoryTests.swift in Sources */, A00000000000000000000040 /* APIDocumentUploadRepositoryTests.swift in Sources */, A00000000000000000000075 /* APIFinancingNeedRepositoryTests.swift in Sources */, A00000000000000000000012 /* AppCoordinatorTests.swift in Sources */, A00000000000000000000070 /* AssessmentDashboardViewModelTests.swift in Sources */, A00000000000000000000027 /* AuthenticationViewModelTests.swift in Sources */, A00000000000000000000026 /* AuthInterceptorTests.swift in Sources */, A00000000000000000000055 /* DataConfidenceViewModelTests.swift in Sources */, A0000000000000000000003B /* DocumentUploadPollingPolicyTests.swift in Sources */, A00000000000000000000054 /* ExtractionReviewViewModelTests.swift in Sources */, A0000000000000000000006F /* FinancingNeedViewModelTests.swift in Sources */, A00000000000000000000056 /* IDRFormatterTests.swift in Sources */, A00000000000000000000090 /* OffersViewModelTests.swift in Sources */, A00000000000000000000091 /* OfferDetailViewModelTests.swift in Sources */, A00000000000000000000025 /* SessionManagerTests.swift in Sources */, A0000000000000000000008F /* ShockViewModelTests.swift in Sources */, A0000000000000000000003A /* UploadFileValidatorTests.swift in Sources */, A0000000000000000000003C /* UploadViewModelTests.swift in Sources */); runOnlyForDeploymentPostprocessing = 0; };
		F00000000000000000000007 /* Sources */ = {isa = PBXSourcesBuildPhase; buildActionMask = 2147483647; files = (A00000000000000000000013 /* WelcomeFlowUITests.swift in Sources */); runOnlyForDeploymentPostprocessing = 0; };
/* End PBXSourcesBuildPhase section */

/* Begin PBXTargetDependency section */
		G00000000000000000000001 /* PBXTargetDependency */ = {isa = PBXTargetDependency; target = E00000000000000000000001 /* CrediWise */; targetProxy = C00000000000000000000010 /* PBXContainerItemProxy */; };
		G00000000000000000000002 /* PBXTargetDependency */ = {isa = PBXTargetDependency; target = E00000000000000000000001 /* CrediWise */; targetProxy = C00000000000000000000011 /* PBXContainerItemProxy */; };
/* End PBXTargetDependency section */

/* Begin PBXVariantGroup section */
		C00000000000000000000001 /* Localizable.strings */ = {
			isa = PBXVariantGroup;
			children = (
				B00000000000000000000014 /* id */,
				B00000000000000000000015 /* en */,
			);
			name = Localizable.strings;
			sourceTree = "<group>";
		};
/* End PBXVariantGroup section */

/* Begin XCBuildConfiguration section */
		H00000000000000000000001 /* Debug */ = {isa = XCBuildConfiguration; buildSettings = {ALWAYS_SEARCH_USER_PATHS = NO; CLANG_ENABLE_MODULES = YES; DEBUG_INFORMATION_FORMAT = dwarf; ENABLE_TESTABILITY = YES; GCC_C_LANGUAGE_STANDARD = gnu17; IPHONEOS_DEPLOYMENT_TARGET = 16.0; ONLY_ACTIVE_ARCH = YES; SDKROOT = iphoneos; SWIFT_ACTIVE_COMPILATION_CONDITIONS = DEBUG; SWIFT_OPTIMIZATION_LEVEL = "-Onone"; }; name = Debug; };
		H00000000000000000000002 /* Release */ = {isa = XCBuildConfiguration; buildSettings = {ALWAYS_SEARCH_USER_PATHS = NO; CLANG_ENABLE_MODULES = YES; DEBUG_INFORMATION_FORMAT = "dwarf-with-dsym"; ENABLE_NS_ASSERTIONS = NO; GCC_C_LANGUAGE_STANDARD = gnu17; IPHONEOS_DEPLOYMENT_TARGET = 16.0; SDKROOT = iphoneos; SWIFT_COMPILATION_MODE = wholemodule; }; name = Release; };
		H00000000000000000000003 /* Debug */ = {isa = XCBuildConfiguration; buildSettings = {ASSETCATALOG_COMPILER_GLOBAL_ACCENT_COLOR_NAME = AccentColor; CODE_SIGN_STYLE = Automatic; CURRENT_PROJECT_VERSION = 1; GENERATE_INFOPLIST_FILE = YES; INFOPLIST_KEY_CFBundleDisplayName = CrediWise; INFOPLIST_KEY_NSAppTransportSecurity_NSAllowsLocalNetworking = YES; INFOPLIST_KEY_UILaunchScreen_Generation = YES; INFOPLIST_KEY_UIApplicationSupportsIndirectInputEvents = YES; INFOPLIST_KEY_UISupportedInterfaceOrientations_iPad = "UIInterfaceOrientationPortrait UIInterfaceOrientationPortraitUpsideDown UIInterfaceOrientationLandscapeLeft UIInterfaceOrientationLandscapeRight"; INFOPLIST_KEY_UISupportedInterfaceOrientations_iPhone = UIInterfaceOrientationPortrait; IPHONEOS_DEPLOYMENT_TARGET = 16.0; MARKETING_VERSION = 0.1.0; PRODUCT_BUNDLE_IDENTIFIER = com.crediwise.app; PRODUCT_NAME = "$(TARGET_NAME)"; SWIFT_EMIT_LOC_STRINGS = YES; SWIFT_VERSION = 5.9; TARGETED_DEVICE_FAMILY = "1,2"; }; name = Debug; };
		H00000000000000000000004 /* Release */ = {isa = XCBuildConfiguration; buildSettings = {ASSETCATALOG_COMPILER_GLOBAL_ACCENT_COLOR_NAME = AccentColor; CODE_SIGN_STYLE = Automatic; CURRENT_PROJECT_VERSION = 1; GENERATE_INFOPLIST_FILE = YES; INFOPLIST_KEY_CFBundleDisplayName = CrediWise; INFOPLIST_KEY_UILaunchScreen_Generation = YES; INFOPLIST_KEY_UIApplicationSupportsIndirectInputEvents = YES; INFOPLIST_KEY_UISupportedInterfaceOrientations_iPad = "UIInterfaceOrientationPortrait UIInterfaceOrientationPortraitUpsideDown UIInterfaceOrientationLandscapeLeft UIInterfaceOrientationLandscapeRight"; INFOPLIST_KEY_UISupportedInterfaceOrientations_iPhone = UIInterfaceOrientationPortrait; IPHONEOS_DEPLOYMENT_TARGET = 16.0; MARKETING_VERSION = 0.1.0; PRODUCT_BUNDLE_IDENTIFIER = com.crediwise.app; PRODUCT_NAME = "$(TARGET_NAME)"; SWIFT_EMIT_LOC_STRINGS = YES; SWIFT_VERSION = 5.9; TARGETED_DEVICE_FAMILY = "1,2"; }; name = Release; };
		H00000000000000000000005 /* Debug */ = {isa = XCBuildConfiguration; buildSettings = {BUNDLE_LOADER = "$(TEST_HOST)"; CODE_SIGN_STYLE = Automatic; GENERATE_INFOPLIST_FILE = YES; IPHONEOS_DEPLOYMENT_TARGET = 16.0; PRODUCT_BUNDLE_IDENTIFIER = com.crediwise.app.tests; PRODUCT_NAME = "$(TARGET_NAME)"; SWIFT_VERSION = 5.9; TARGETED_DEVICE_FAMILY = "1,2"; TEST_HOST = "$(BUILT_PRODUCTS_DIR)/CrediWise.app/$(BUNDLE_EXECUTABLE_FOLDER_PATH)/CrediWise"; }; name = Debug; };
		H00000000000000000000006 /* Release */ = {isa = XCBuildConfiguration; buildSettings = {BUNDLE_LOADER = "$(TEST_HOST)"; CODE_SIGN_STYLE = Automatic; GENERATE_INFOPLIST_FILE = YES; IPHONEOS_DEPLOYMENT_TARGET = 16.0; PRODUCT_BUNDLE_IDENTIFIER = com.crediwise.app.tests; PRODUCT_NAME = "$(TARGET_NAME)"; SWIFT_VERSION = 5.9; TARGETED_DEVICE_FAMILY = "1,2"; TEST_HOST = "$(BUILT_PRODUCTS_DIR)/CrediWise.app/$(BUNDLE_EXECUTABLE_FOLDER_PATH)/CrediWise"; }; name = Release; };
		H00000000000000000000007 /* Debug */ = {isa = XCBuildConfiguration; buildSettings = {CODE_SIGN_STYLE = Automatic; GENERATE_INFOPLIST_FILE = YES; IPHONEOS_DEPLOYMENT_TARGET = 16.0; PRODUCT_BUNDLE_IDENTIFIER = com.crediwise.app.uitests; PRODUCT_NAME = "$(TARGET_NAME)"; SWIFT_VERSION = 5.9; TARGETED_DEVICE_FAMILY = "1,2"; TEST_TARGET_NAME = CrediWise; }; name = Debug; };
		H00000000000000000000008 /* Release */ = {isa = XCBuildConfiguration; buildSettings = {CODE_SIGN_STYLE = Automatic; GENERATE_INFOPLIST_FILE = YES; IPHONEOS_DEPLOYMENT_TARGET = 16.0; PRODUCT_BUNDLE_IDENTIFIER = com.crediwise.app.uitests; PRODUCT_NAME = "$(TARGET_NAME)"; SWIFT_VERSION = 5.9; TARGETED_DEVICE_FAMILY = "1,2"; TEST_TARGET_NAME = CrediWise; }; name = Release; };
/* End XCBuildConfiguration section */

/* Begin XCConfigurationList section */
		I00000000000000000000001 /* Build configuration list for PBXProject "CrediWise" */ = {isa = XCConfigurationList; buildConfigurations = (H00000000000000000000001 /* Debug */, H00000000000000000000002 /* Release */); defaultConfigurationIsVisible = 0; defaultConfigurationName = Release; };
		I00000000000000000000002 /* Build configuration list for PBXNativeTarget "CrediWise" */ = {isa = XCConfigurationList; buildConfigurations = (H00000000000000000000003 /* Debug */, H00000000000000000000004 /* Release */); defaultConfigurationIsVisible = 0; defaultConfigurationName = Release; };
		I00000000000000000000003 /* Build configuration list for PBXNativeTarget "CrediWiseTests" */ = {isa = XCConfigurationList; buildConfigurations = (H00000000000000000000005 /* Debug */, H00000000000000000000006 /* Release */); defaultConfigurationIsVisible = 0; defaultConfigurationName = Release; };
		I00000000000000000000004 /* Build configuration list for PBXNativeTarget "CrediWiseUITests" */ = {isa = XCConfigurationList; buildConfigurations = (H00000000000000000000007 /* Debug */, H00000000000000000000008 /* Release */); defaultConfigurationIsVisible = 0; defaultConfigurationName = Release; };
/* End XCConfigurationList section */
	};
	rootObject = J00000000000000000000001 /* Project object */;
}
